// !$*UTF8*$!
{
	archiveVersion = 1;
	classes = {
	};
	objectVersion = 56;
	objects = {

/* Begin PBXBuildFile section */
		28D92E362C2FC5B80063A2D0 /* AppDelegate.swift in Sources */ = {isa = PBXBuildFile; fileRef = 28D92E352C2FC5B80063A2D0 /* AppDelegate.swift */; };
		28D92E382C2FC5B80063A2D0 /* SceneDelegate.swift in Sources */ = {isa = PBXBuildFile; fileRef = 28D92E372C2FC5B80063A2D0 /* SceneDelegate.swift */; };
		28D92E3A2C2FC5B80063A2D0 /* ViewController.swift in Sources */ = {isa = PBXBuildFile; fileRef = 28D92E392C2FC5B80063A2D0 /* ViewController.swift */; };
		28D92E3D2C2FC5B80063A2D0 /* Main.storyboard in Resources */ = {isa = PBXBuildFile; fileRef = 28D92E3B2C2FC5B80063A2D0 /* Main.storyboard */; };
		28D92E3F2C2FC5BA0063A2D0 /* Assets.xcassets in Resources */ = {isa = PBXBuildFile; fileRef = 28D92E3E2C2FC5BA0063A2D0 /* Assets.xcassets */; };
		28D92E422C2FC5BA0063A2D0 /* LaunchScreen.storyboard in Resources */ = {isa = PBXBuildFile; fileRef = 28D92E402C2FC5BA0063A2D0 /* LaunchScreen.storyboard */; };
		28D92E4D2C2FC5BB0063A2D0 /* Working_with_imagesTests.swift in Sources */ = {isa = PBXBuildFile; fileRef = 28D92E4C2C2FC5BB0063A2D0 /* Working_with_imagesTests.swift */; };
		28D92E572C2FC5BB0063A2D0 /* Working_with_imagesUITests.swift in Sources */ = {isa = PBXBuildFile; fileRef = 28D92E562C2FC5BB0063A2D0 /* Working_with_imagesUITests.swift */; };
		28D92E592C2FC5BB0063A2D0 /* Working_with_imagesUITestsLaunchTests.swift in Sources */ = {isa = PBXBuildFile; fileRef = 28D92E582C2FC5BB0063A2D0 /* Working_with_imagesUITestsLaunchTests.swift */; };
		28D92E672C2FC8AB0063A2D0 /* SDWebImage in Frameworks */ = {isa = PBXBuildFile; productRef = 28D92E662C2FC8AB0063A2D0 /* SDWebImage */; };
/* End PBXBuildFile section */

/* Begin PBXContainerItemProxy section */
		28D92E492C2FC5BB0063A2D0 /* PBXContainerItemProxy */ = {
			isa = PBXContainerItemProxy;
			containerPortal = 28D92E2A2C2FC5B80063A2D0 /* Project object */;
			proxyType = 1;
			remoteGlobalIDString = 28D92E312C2FC5B80063A2D0;
			remoteInfo = "Working with images";
		};
		28D92E532C2FC5BB0063A2D0 /* PBXContainerItemProxy */ = {
			isa = PBXContainerItemProxy;
			containerPortal = 28D92E2A2C2FC5B80063A2D0 /* Project object */;
			proxyType = 1;
			remoteGlobalIDString = 28D92E312C2FC5B80063A2D0;
			remoteInfo = "Working with images";
		};
/* End PBXContainerItemProxy section */

/* Begin PBXFileReference section */
		28D92E322C2FC5B80063A2D0 /* Working with images.app */ = {isa = PBXFileReference; explicitFileType = wrapper.application; includeInIndex = 0; path = "Working with images.app"; sourceTree = BUILT_PRODUCTS_DIR; };
		28D92E352C2FC5B80063A2D0 /* AppDelegate.swift */ = {isa = PBXFileReference; lastKnownFileType = sourcecode.swift; path = AppDelegate.swift; sourceTree = "<group>"; };
		28D92E372C2FC5B80063A2D0 /* SceneDelegate.swift */ = {isa = PBXFileReference; lastKnownFileType = sourcecode.swift; path = SceneDelegate.swift; sourceTree = "<group>"; };
		28D92E392C2FC5B80063A2D0 /* ViewController.swift */ = {isa = PBXFileReference; lastKnownFileType = sourcecode.swift; path = ViewController.swift; sourceTree = "<group>"; };
		28D92E3C2C2FC5B80063A2D0 /* Base */ = {isa = PBXFileReference; lastKnownFileType = file.storyboard; name = Base; path = Base.lproj/Main.storyboard; sourceTree = "<group>"; };
		28D92E3E2C2FC5BA0063A2D0 /* Assets.xcassets */ = {isa = PBXFileReference; lastKnownFileType = folder.assetcatalog; path = Assets.xcassets; sourceTree = "<group>"; };
		28D92E412C2FC5BA0063A2D0 /* Base */ = {isa = PBXFileReference; lastKnownFileType = file.storyboard; name = Base; path = Base.lproj/LaunchScreen.storyboard; sourceTree = "<group>"; };
		28D92E432C2FC5BA0063A2D0 /* Info.plist */ = {isa = PBXFileReference; lastKnownFileType = text.plist.xml; path = Info.plist; sourceTree = "<group>"; };
		28D92E482C2FC5BB0063A2D0 /* Working with imagesTests.xctest */ = {isa = PBXFileReference; explicitFileType = wrapper.cfbundle; includeInIndex = 0; path = "Working with imagesTests.xctest"; sourceTree = BUILT_PRODUCTS_DIR; };
		28D92E4C2C2FC5BB0063A2D0 /* Working_with_imagesTests.swift */ = {isa = PBXFileReference; lastKnownFileType = sourcecode.swift; path = Working_with_imagesTests.swift; sourceTree = "<group>"; };
		28D92E522C2FC5BB0063A2D0 /* Working with imagesUITests.xctest */ = {isa = PBXFileReference; explicitFileType = wrapper.cfbundle; includeInIndex = 0; path = "Working with imagesUITests.xctest"; sourceTree = BUILT_PRODUCTS_DIR; };
		28D92E562C2FC5BB0063A2D0 /* Working_with_imagesUITests.swift */ = {isa = PBXFileReference; lastKnownFileType = sourcecode.swift; path = Working_with_imagesUITests.swift; sourceTree = "<group>"; };
		28D92E582C2FC5BB0063A2D0 /* Working_with_imagesUITestsLaunchTests.swift */ = {isa = PBXFileReference; lastKnownFileType = sourcecode.swift; path = Working_with_imagesUITestsLaunchTests.swift; sourceTree = "<group>"; };
		28D92E682C2FCD310063A2D0 /* Working with images.entitlements */ = {isa = PBXFileReference; lastKnownFileType = text.plist.entitlements; path = "Working with images.entitlements"; sourceTree = "<group>"; };
/* End PBXFileReference section */

/* Begin PBXFrameworksBuildPhase section */
		28D92E2F2C2FC5B80063A2D0 /* Frameworks */ = {
			isa = PBXFrameworksBuildPhase;
			buildActionMask = 2147483647;
			files = (
				28D92E672C2FC8AB0063A2D0 /* SDWebImage in Frameworks */,
			);
			runOnlyForDeploymentPostprocessing = 0;
		};
		28D92E452C2FC5BB0063A2D0 /* Frameworks */ = {
			isa = PBXFrameworksBuildPhase;
			buildActionMask = 2147483647;
			files = (
			);
			runOnlyForDeploymentPostprocessing = 0;
		};
		28D92E4F2C2FC5BB0063A2D0 /* Frameworks */ = {
			isa = PBXFrameworksBuildPhase;
			buildActionMask = 2147483647;
			files = (
			);
			runOnlyForDeploymentPostprocessing = 0;
		};
/* End PBXFrameworksBuildPhase section */

/* Begin PBXGroup section */
		28D92E292C2FC5B80063A2D0 = {
			isa = PBXGroup;
			children = (
				28D92E342C2FC5B80063A2D0 /* Working with images */,
				28D92E4B2C2FC5BB0063A2D0 /* Working with imagesTests */,
				28D92E552C2FC5BB0063A2D0 /* Working with imagesUITests */,
				28D92E332C2FC5B80063A2D0 /* Products */,
			);
			sourceTree = "<group>";
		};
		28D92E332C2FC5B80063A2D0 /* Products */ = {
			isa = PBXGroup;
			children = (
				28D92E322C2FC5B80063A2D0 /* Working with images.app */,
				28D92E482C2FC5BB0063A2D0 /* Working with imagesTests.xctest */,
				28D92E522C2FC5BB0063A2D0 /* Working with imagesUITests.xctest */,
			);
			name = Products;
			sourceTree = "<group>";
		};
		28D92E342C2FC5B80063A2D0 /* Working with images */ = {
			isa = PBXGroup;
			children = (
				28D92E682C2FCD310063A2D0 /* Working with images.entitlements */,
				28D92E352C2FC5B80063A2D0 /* AppDelegate.swift */,
				28D92E372C2FC5B80063A2D0 /* SceneDelegate.swift */,
				28D92E392C2FC5B80063A2D0 /* ViewController.swift */,
				28D92E3B2C2FC5B80063A2D0 /* Main.storyboard */,
				28D92E3E2C2FC5BA0063A2D0 /* Assets.xcassets */,
				28D92E402C2FC5BA0063A2D0 /* LaunchScreen.storyboard */,
				28D92E432C2FC5BA0063A2D0 /* Info.plist */,
			);
			path = "Working with images";
			sourceTree = "<group>";
		};
		28D92E4B2C2FC5BB0063A2D0 /* Working with imagesTests */ = {
			isa = PBXGroup;
			children = (
				28D92E4C2C2FC5BB0063A2D0 /* Working_with_imagesTests.swift */,
			);
			path = "Working with imagesTests";
			sourceTree = "<group>";
		};
		28D92E552C2FC5BB0063A2D0 /* Working with imagesUITests */ = {
			isa = PBXGroup;
			children = (
				28D92E562C2FC5BB0063A2D0 /* Working_with_imagesUITests.swift */,
				28D92E582C2FC5BB0063A2D0 /* Working_with_imagesUITestsLaunchTests.swift */,
			);
			path = "Working with imagesUITests";
			sourceTree = "<group>";
		};
/* End PBXGroup section */

/* Begin PBXNativeTarget section */
		28D92E312C2FC5B80063A2D0 /* Working with images */ = {
			isa = PBXNativeTarget;
			buildConfigurationList = 28D92E5C2C2FC5BB0063A2D0 /* Build configuration list for PBXNativeTarget "Working with images" */;
			buildPhases = (
				28D92E2E2C2FC5B80063A2D0 /* Sources */,
				28D92E2F2C2FC5B80063A2D0 /* Frameworks */,
				28D92E302C2FC5B80063A2D0 /* Resources */,
			);
			buildRules = (
			);
			dependencies = (
			);
			name = "Working with images";
			packageProductDependencies = (
				28D92E662C2FC8AB0063A2D0 /* SDWebImage */,
			);
			productName = "Working with images";
			productReference = 28D92E322C2FC5B80063A2D0 /* Working with images.app */;
			productType = "com.apple.product-type.application";
		};
		28D92E472C2FC5BB0063A2D0 /* Working with imagesTests */ = {
			isa = PBXNativeTarget;
			buildConfigurationList = 28D92E5F2C2FC5BB0063A2D0 /* Build configuration list for PBXNativeTarget "Working with imagesTests" */;
			buildPhases = (
				28D92E442C2FC5BB0063A2D0 /* Sources */,
				28D92E452C2FC5BB0063A2D0 /* Frameworks */,
				28D92E462C2FC5BB0063A2D0 /* Resources */,
			);
			buildRules = (
			);
			dependencies = (
				28D92E4A2C2FC5BB0063A2D0 /* PBXTargetDependency */,
			);
			name = "Working with imagesTests";
			productName = "Working with imagesTests";
			productReference = 28D92E482C2FC5BB0063A2D0 /* Working with imagesTests.xctest */;
			productType = "com.apple.product-type.bundle.unit-test";
		};
		28D92E512C2FC5BB0063A2D0 /* Working with imagesUITests */ = {
			isa = PBXNativeTarget;
			buildConfigurationList = 28D92E622C2FC5BB0063A2D0 /* Build configuration list for PBXNativeTarget "Working with imagesUITests" */;
			buildPhases = (
				28D92E4E2C2FC5BB0063A2D0 /* Sources */,
				28D92E4F2C2FC5BB0063A2D0 /* Frameworks */,
				28D92E502C2FC5BB0063A2D0 /* Resources */,
			);
			buildRules = (
			);
			dependencies = (
				28D92E542C2FC5BB0063A2D0 /* PBXTargetDependency */,
			);
			name = "Working with imagesUITests";
			productName = "Working with imagesUITests";
			productReference = 28D92E522C2FC5BB0063A2D0 /* Working with imagesUITests.xctest */;
			productType = "com.apple.product-type.bundle.ui-testing";
		};
/* End PBXNativeTarget section */

/* Begin PBXProject section */
		28D92E2A2C2FC5B80063A2D0 /* Project object */ = {
			isa = PBXProject;
			attributes = {
				BuildIndependentTargetsInParallel = 1;
				LastSwiftUpdateCheck = 1500;
				LastUpgradeCheck = 1500;
				TargetAttributes = {
					28D92E312C2FC5B80063A2D0 = {
						CreatedOnToolsVersion = 15.0.1;
					};
					28D92E472C2FC5BB0063A2D0 = {
						CreatedOnToolsVersion = 15.0.1;
						TestTargetID = 28D92E312C2FC5B80063A2D0;
					};
					28D92E512C2FC5BB0063A2D0 = {
						CreatedOnToolsVersion = 15.0.1;
						TestTargetID = 28D92E312C2FC5B80063A2D0;
					};
				};
			};
			buildConfigurationList = 28D92E2D2C2FC5B80063A2D0 /* Build configuration list for PBXProject "Working with images" */;
			compatibilityVersion = "Xcode 14.0";
			developmentRegion = en;
			hasScannedForEncodings = 0;
			knownRegions = (
				en,
				Base,
			);
			mainGroup = 28D92E292C2FC5B80063A2D0;
			packageReferences = (
				28D92E652C2FC8AB0063A2D0 /* XCRemoteSwiftPackageReference "SDWebImage" */,
			);
			productRefGroup = 28D92E332C2FC5B80063A2D0 /* Products */;
			projectDirPath = "";
			projectRoot = "";
			targets = (
				28D92E312C2FC5B80063A2D0 /* Working with images */,
				28D92E472C2FC5BB0063A2D0 /* Working with imagesTests */,
				28D92E512C2FC5BB0063A2D0 /* Working with imagesUITests */,
			);
		};
/* End PBXProject section */

/* Begin PBXResourcesBuildPhase section */
		28D92E302C2FC5B80063A2D0 /* Resources */ = {
			isa = PBXResourcesBuildPhase;
			buildActionMask = 2147483647;
			files = (
				28D92E422C2FC5BA0063A2D0 /* LaunchScreen.storyboard in Resources */,
				28D92E3F2C2FC5BA0063A2D0 /* Assets.xcassets in Resources */,
				28D92E3D2C2FC5B80063A2D0 /* Main.storyboard in Resources */,
			);
			runOnlyForDeploymentPostprocessing = 0;
		};
		28D92E462C2FC5BB0063A2D0 /* Resources */ = {
			isa = PBXResourcesBuildPhase;
			buildActionMask = 2147483647;
			files = (
			);
			runOnlyForDeploymentPostprocessing = 0;
		};
		28D92E502C2FC5BB0063A2D0 /* Resources */ = {
			isa = PBXResourcesBuildPhase;
			buildActionMask = 2147483647;
			files = (
			);
			runOnlyForDeploymentPostprocessing = 0;
		};
/* End PBXResourcesBuildPhase section */

/* Begin PBXSourcesBuildPhase section */
		28D92E2E2C2FC5B80063A2D0 /* Sources */ = {
			isa = PBXSourcesBuildPhase;
			buildActionMask = 2147483647;
			files = (
				28D92E3A2C2FC5B80063A2D0 /* ViewController.swift in Sources */,
				28D92E362C2FC5B80063A2D0 /* AppDelegate.swift in Sources */,
				28D92E382C2FC5B80063A2D0 /* SceneDelegate.swift in Sources */,
			);
			runOnlyForDeploymentPostprocessing = 0;
		};
		28D92E442C2FC5BB0063A2D0 /* Sources */ = {
			isa = PBXSourcesBuildPhase;
			buildActionMask = 2147483647;
			files = (
				28D92E4D2C2FC5BB0063A2D0 /* Working_with_imagesTests.swift in Sources */,
			);
			runOnlyForDeploymentPostprocessing = 0;
		};
		28D92E4E2C2FC5BB0063A2D0 /* Sources */ = {
			isa = PBXSourcesBuildPhase;
			buildActionMask = 2147483647;
			files = (
				28D92E592C2FC5BB0063A2D0 /* Working_with_imagesUITestsLaunchTests.swift in Sources */,
				28D92E572C2FC5BB0063A2D0 /* Working_with_imagesUITests.swift in Sources */,
			);
			runOnlyForDeploymentPostprocessing = 0;
		};
/* End PBXSourcesBuildPhase section */

/* Begin PBXTargetDependency section */
		28D92E4A2C2FC5BB0063A2D0 /* PBXTargetDependency */ = {
			isa = PBXTargetDependency;
			target = 28D92E312C2FC5B80063A2D0 /* Working with images */;
			targetProxy = 28D92E492C2FC5BB0063A2D0 /* PBXContainerItemProxy */;
		};
		28D92E542C2FC5BB0063A2D0 /* PBXTargetDependency */ = {
			isa = PBXTargetDependency;
			target = 28D92E312C2FC5B80063A2D0 /* Working with images */;
			targetProxy = 28D92E532C2FC5BB0063A2D0 /* PBXContainerItemProxy */;
		};
/* End PBXTargetDependency section */

/* Begin PBXVariantGroup section */
		28D92E3B2C2FC5B80063A2D0 /* Main.storyboard */ = {
			isa = PBXVariantGroup;
			children = (
				28D92E3C2C2FC5B80063A2D0 /* Base */,
			);
			name = Main.storyboard;
			sourceTree = "<group>";
		};
		28D92E402C2FC5BA0063A2D0 /* LaunchScreen.storyboard */ = {
			isa = PBXVariantGroup;
			children = (
				28D92E412C2FC5BA0063A2D0 /* Base */,
			);
			name = LaunchScreen.storyboard;
			sourceTree = "<group>";
		};
/* End PBXVariantGroup section */

/* Begin XCBuildConfiguration section */
		28D92E5A2C2FC5BB0063A2D0 /* Debug */ = {
			isa = XCBuildConfiguration;
			buildSettings = {
				ALWAYS_SEARCH_USER_PATHS = NO;
				ASSETCATALOG_COMPILER_GENERATE_SWIFT_ASSET_SYMBOL_EXTENSIONS = YES;
				CLANG_ANALYZER_NONNULL = YES;
				CLANG_ANALYZER_NUMBER_OBJECT_CONVERSION = YES_AGGRESSIVE;
				CLANG_CXX_LANGUAGE_STANDARD = "gnu++20";
				CLANG_ENABLE_MODULES = YES;
				CLANG_ENABLE_OBJC_ARC = YES;
				CLANG_ENABLE_OBJC_WEAK = YES;
				CLANG_WARN_BLOCK_CAPTURE_AUTORELEASING = YES;
				CLANG_WARN_BOOL_CONVERSION = YES;
				CLANG_WARN_COMMA = YES;
				CLANG_WARN_CONSTANT_CONVERSION = YES;
				CLANG_WARN_DEPRECATED_OBJC_IMPLEMENTATIONS = YES;
				CLANG_WARN_DIRECT_OBJC_ISA_USAGE = YES_ERROR;
				CLANG_WARN_DOCUMENTATION_COMMENTS = YES;
				CLANG_WARN_EMPTY_BODY = YES;
				CLANG_WARN_ENUM_CONVERSION = YES;
				CLANG_WARN_INFINITE_RECURSION = YES;
				CLANG_WARN_INT_CONVERSION = YES;
				CLANG_WARN_NON_LITERAL_NULL_CONVERSION = YES;
				CLANG_WARN_OBJC_IMPLICIT_RETAIN_SELF = YES;
				CLANG_WARN_OBJC_LITERAL_CONVERSION = YES;
				CLANG_WARN_OBJC_ROOT_CLASS = YES_ERROR;
				CLANG_WARN_QUOTED_INCLUDE_IN_FRAMEWORK_HEADER = YES;
				CLANG_WARN_RANGE_LOOP_ANALYSIS = YES;
				CLANG_WARN_STRICT_PROTOTYPES = YES;
				CLANG_WARN_SUSPICIOUS_MOVE = YES;
				CLANG_WARN_UNGUARDED_AVAILABILITY = YES_AGGRESSIVE;
				CLANG_WARN_UNREACHABLE_CODE = YES;
				CLANG_WARN__DUPLICATE_METHOD_MATCH = YES;
				COPY_PHASE_STRIP = NO;
				DEBUG_INFORMATION_FORMAT = dwarf;
				ENABLE_STRICT_OBJC_MSGSEND = YES;
				ENABLE_TESTABILITY = YES;
				ENABLE_USER_SCRIPT_SANDBOXING = YES;
				GCC_C_LANGUAGE_STANDARD = gnu17;
				GCC_DYNAMIC_NO_PIC = NO;
				GCC_NO_COMMON_BLOCKS = YES;
				GCC_OPTIMIZATION_LEVEL = 0;
				GCC_PREPROCESSOR_DEFINITIONS = (
					"DEBUG=1",
					"$(inherited)",
				);
				GCC_WARN_64_TO_32_BIT_CONVERSION = YES;
				GCC_WARN_ABOUT_RETURN_TYPE = YES_ERROR;
				GCC_WARN_UNDECLARED_SELECTOR = YES;
				GCC_WARN_UNINITIALIZED_AUTOS = YES_AGGRESSIVE;
				GCC_WARN_UNUSED_FUNCTION = YES;
				GCC_WARN_UNUSED_VARIABLE = YES;
				IPHONEOS_DEPLOYMENT_TARGET = 17.0;
				LOCALIZATION_PREFERS_STRING_CATALOGS = YES;
				MTL_ENABLE_DEBUG_INFO = INCLUDE_SOURCE;
				MTL_FAST_MATH = YES;
				ONLY_ACTIVE_ARCH = YES;
				SDKROOT = iphoneos;
				SWIFT_ACTIVE_COMPILATION_CONDITIONS = "DEBUG $(inherited)";
				SWIFT_OPTIMIZATION_LEVEL = "-Onone";
			};
			name = Debug;
		};
		28D92E5B2C2FC5BB0063A2D0 /* Release */ = {
			isa = XCBuildConfiguration;
			buildSettings = {
				ALWAYS_SEARCH_USER_PATHS = NO;
				ASSETCATALOG_COMPILER_GENERATE_SWIFT_ASSET_SYMBOL_EXTENSIONS = YES;
				CLANG_ANALYZER_NONNULL = YES;
				CLANG_ANALYZER_NUMBER_OBJECT_CONVERSION = YES_AGGRESSIVE;
				CLANG_CXX_LANGUAGE_STANDARD = "gnu++20";
				CLANG_ENABLE_MODULES = YES;
				CLANG_ENABLE_OBJC_ARC = YES;
				CLANG_ENABLE_OBJC_WEAK = YES;
				CLANG_WARN_BLOCK_CAPTURE_AUTORELEASING = YES;
				CLANG_WARN_BOOL_CONVERSION = YES;
				CLANG_WARN_COMMA = YES;
				CLANG_WARN_CONSTANT_CONVERSION = YES;
				CLANG_WARN_DEPRECATED_OBJC_IMPLEMENTATIONS = YES;
				CLANG_WARN_DIRECT_OBJC_ISA_USAGE = YES_ERROR;
				CLANG_WARN_DOCUMENTATION_COMMENTS = YES;
				CLANG_WARN_EMPTY_BODY = YES;
				CLANG_WARN_ENUM_CONVERSION = YES;
				CLANG_WARN_INFINITE_RECURSION = YES;
				CLANG_WARN_INT_CONVERSION = YES;
				CLANG_WARN_NON_LITERAL_NULL_CONVERSION = YES;
				CLANG_WARN_OBJC_IMPLICIT_RETAIN_SELF = YES;
				CLANG_WARN_OBJC_LITERAL_CONVERSION = YES;
				CLANG_WARN_OBJC_ROOT_CLASS = YES_ERROR;
				CLANG_WARN_QUOTED_INCLUDE_IN_FRAMEWORK_HEADER = YES;
				CLANG_WARN_RANGE_LOOP_ANALYSIS = YES;
				CLANG_WARN_STRICT_PROTOTYPES = YES;
				CLANG_WARN_SUSPICIOUS_MOVE = YES;
				CLANG_WARN_UNGUARDED_AVAILABILITY = YES_AGGRESSIVE;
				CLANG_WARN_UNREACHABLE_CODE = YES;
				CLANG_WARN__DUPLICATE_METHOD_MATCH = YES;
				COPY_PHASE_STRIP = NO;
				DEBUG_INFORMATION_FORMAT = "dwarf-with-dsym";
				ENABLE_NS_ASSERTIONS = NO;
				ENABLE_STRICT_OBJC_MSGSEND = YES;
				ENABLE_USER_SCRIPT_SANDBOXING = YES;
				GCC_C_LANGUAGE_STANDARD = gnu17;
				GCC_NO_COMMON_BLOCKS = YES;
				GCC_WARN_64_TO_32_BIT_CONVERSION = YES;
				GCC_WARN_ABOUT_RETURN_TYPE = YES_ERROR;
				GCC_WARN_UNDECLARED_SELECTOR = YES;
				GCC_WARN_UNINITIALIZED_AUTOS = YES_AGGRESSIVE;
				GCC_WARN_UNUSED_FUNCTION = YES;
				GCC_WARN_UNUSED_VARIABLE = YES;
				IPHONEOS_DEPLOYMENT_TARGET = 17.0;
				LOCALIZATION_PREFERS_STRING_CATALOGS = YES;
				MTL_ENABLE_DEBUG_INFO = NO;
				MTL_FAST_MATH = YES;
				SDKROOT = iphoneos;
				SWIFT_COMPILATION_MODE = wholemodule;
				VALIDATE_PRODUCT = YES;
			};
			name = Release;
		};
		28D92E5D2C2FC5BB0063A2D0 /* Debug */ = {
			isa = XCBuildConfiguration;
			buildSettings = {
				ASSETCATALOG_COMPILER_APPICON_NAME = AppIcon;
				ASSETCATALOG_COMPILER_GLOBAL_ACCENT_COLOR_NAME = AccentColor;
				CODE_SIGN_ENTITLEMENTS = "Working with images/Working with images.entitlements";
				CODE_SIGN_STYLE = Automatic;
				CURRENT_PROJECT_VERSION = 1;
				GENERATE_INFOPLIST_FILE = YES;
				INFOPLIST_FILE = "Working with images/Info.plist";
				INFOPLIST_KEY_UIApplicationSupportsIndirectInputEvents = YES;
				INFOPLIST_KEY_UILaunchStoryboardName = LaunchScreen;
				INFOPLIST_KEY_UIMainStoryboardFile = Main;
				INFOPLIST_KEY_UISupportedInterfaceOrientations_iPad = "UIInterfaceOrientationPortrait UIInterfaceOrientationPortraitUpsideDown UIInterfaceOrientationLandscapeLeft UIInterfaceOrientationLandscapeRight";
				INFOPLIST_KEY_UISupportedInterfaceOrientations_iPhone = "UIInterfaceOrientationPortrait UIInterfaceOrientationLandscapeLeft UIInterfaceOrientationLandscapeRight";
				LD_RUNPATH_SEARCH_PATHS = (
					"$(inherited)",
					"@executable_path/Frameworks",
				);
				MARKETING_VERSION = 1.0;
				PRODUCT_BUNDLE_IDENTIFIER = "com.chaitanyasoni.Working-with-images";
				PRODUCT_NAME = "$(TARGET_NAME)";
				SWIFT_EMIT_LOC_STRINGS = YES;
				SWIFT_VERSION = 5.0;
				TARGETED_DEVICE_FAMILY = "1,2";
			};
			name = Debug;
		};
		28D92E5E2C2FC5BB0063A2D0 /* Release */ = {
			isa = XCBuildConfiguration;
			buildSettings = {
				ASSETCATALOG_COMPILER_APPICON_NAME = AppIcon;
				ASSETCATALOG_COMPILER_GLOBAL_ACCENT_COLOR_NAME = AccentColor;
				CODE_SIGN_ENTITLEMENTS = "Working with images/Working with images.entitlements";
				CODE_SIGN_STYLE = Automatic;
				CURRENT_PROJECT_VERSION = 1;
				GENERATE_INFOPLIST_FILE = YES;
				INFOPLIST_FILE = "Working with images/Info.plist";
				INFOPLIST_KEY_UIApplicationSupportsIndirectInputEvents = YES;
				INFOPLIST_KEY_UILaunchStoryboardName = LaunchScreen;
				INFOPLIST_KEY_UIMainStoryboardFile = Main;
				INFOPLIST_KEY_UISupportedInterfaceOrientations_iPad = "UIInterfaceOrientationPortrait UIInterfaceOrientationPortraitUpsideDown UIInterfaceOrientationLandscapeLeft UIInterfaceOrientationLandscapeRight";
				INFOPLIST_KEY_UISupportedInterfaceOrientations_iPhone = "UIInterfaceOrientationPortrait UIInterfaceOrientationLandscapeLeft UIInterfaceOrientationLandscapeRight";
				LD_RUNPATH_SEARCH_PATHS = (
					"$(inherited)",
					"@executable_path/Frameworks",
				);
				MARKETING_VERSION = 1.0;
				PRODUCT_BUNDLE_IDENTIFIER = "com.chaitanyasoni.Working-with-images";
				PRODUCT_NAME = "$(TARGET_NAME)";
				SWIFT_EMIT_LOC_STRINGS = YES;
				SWIFT_VERSION = 5.0;
				TARGETED_DEVICE_FAMILY = "1,2";
			};
			name = Release;
		};
		28D92E602C2FC5BB0063A2D0 /* Debug */ = {
			isa = XCBuildConfiguration;
			buildSettings = {
				ALWAYS_EMBED_SWIFT_STANDARD_LIBRARIES = YES;
				BUNDLE_LOADER = "$(TEST_HOST)";
				CODE_SIGN_STYLE = Automatic;
				CURRENT_PROJECT_VERSION = 1;
				GENERATE_INFOPLIST_FILE = YES;
				IPHONEOS_DEPLOYMENT_TARGET = 17.0;
				MARKETING_VERSION = 1.0;
				PRODUCT_BUNDLE_IDENTIFIER = "com.chaitanyasoni.Working-with-imagesTests";
				PRODUCT_NAME = "$(TARGET_NAME)";
				SWIFT_EMIT_LOC_STRINGS = NO;
				SWIFT_VERSION = 5.0;
				TARGETED_DEVICE_FAMILY = "1,2";
				TEST_HOST = "$(BUILT_PRODUCTS_DIR)/Working with images.app/$(BUNDLE_EXECUTABLE_FOLDER_PATH)/Working with images";
			};
			name = Debug;
		};
		28D92E612C2FC5BB0063A2D0 /* Release */ = {
			isa = XCBuildConfiguration;
			buildSettings = {
				ALWAYS_EMBED_SWIFT_STANDARD_LIBRARIES = YES;
				BUNDLE_LOADER = "$(TEST_HOST)";
				CODE_SIGN_STYLE = Automatic;
				CURRENT_PROJECT_VERSION = 1;
				GENERATE_INFOPLIST_FILE = YES;
				IPHONEOS_DEPLOYMENT_TARGET = 17.0;
				MARKETING_VERSION = 1.0;
				PRODUCT_BUNDLE_IDENTIFIER = "com.chaitanyasoni.Working-with-imagesTests";
				PRODUCT_NAME = "$(TARGET_NAME)";
				SWIFT_EMIT_LOC_STRINGS = NO;
				SWIFT_VERSION = 5.0;
				TARGETED_DEVICE_FAMILY = "1,2";
				TEST_HOST = "$(BUILT_PRODUCTS_DIR)/Working with images.app/$(BUNDLE_EXECUTABLE_FOLDER_PATH)/Working with images";
			};
			name = Release;
		};
		28D92E632C2FC5BB0063A2D0 /* Debug */ = {
			isa = XCBuildConfiguration;
			buildSettings = {
				ALWAYS_EMBED_SWIFT_STANDARD_LIBRARIES = YES;
				CODE_SIGN_STYLE = Automatic;
				CURRENT_PROJECT_VERSION = 1;
				GENERATE_INFOPLIST_FILE = YES;
				MARKETING_VERSION = 1.0;
				PRODUCT_BUNDLE_IDENTIFIER = "com.chaitanyasoni.Working-with-imagesUITests";
				PRODUCT_NAME = "$(TARGET_NAME)";
				SWIFT_EMIT_LOC_STRINGS = NO;
				SWIFT_VERSION = 5.0;
				TARGETED_DEVICE_FAMILY = "1,2";
				TEST_TARGET_NAME = "Working with images";
			};
			name = Debug;
		};
		28D92E642C2FC5BB0063A2D0 /* Release */ = {
			isa = XCBuildConfiguration;
			buildSettings = {
				ALWAYS_EMBED_SWIFT_STANDARD_LIBRARIES = YES;
				CODE_SIGN_STYLE = Automatic;
				CURRENT_PROJECT_VERSION = 1;
				GENERATE_INFOPLIST_FILE = YES;
				MARKETING_VERSION = 1.0;
				PRODUCT_BUNDLE_IDENTIFIER = "com.chaitanyasoni.Working-with-imagesUITests";
				PRODUCT_NAME = "$(TARGET_NAME)";
				SWIFT_EMIT_LOC_STRINGS = NO;
				SWIFT_VERSION = 5.0;
				TARGETED_DEVICE_FAMILY = "1,2";
				TEST_TARGET_NAME = "Working with images";
			};
			name = Release;
		};
/* End XCBuildConfiguration section */

/* Begin XCConfigurationList section */
		28D92E2D2C2FC5B80063A2D0 /* Build configuration list for PBXProject "Working with images" */ = {
			isa = XCConfigurationList;
			buildConfigurations = (
				28D92E5A2C2FC5BB0063A2D0 /* Debug */,
				28D92E5B2C2FC5BB0063A2D0 /* Release */,
			);
			defaultConfigurationIsVisible = 0;
			defaultConfigurationName = Release;
		};
		28D92E5C2C2FC5BB0063A2D0 /* Build configuration list for PBXNativeTarget "Working with images" */ = {
			isa = XCConfigurationList;
			buildConfigurations = (
				28D92E5D2C2FC5BB0063A2D0 /* Debug */,
				28D92E5E2C2FC5BB0063A2D0 /* Release */,
			);
			defaultConfigurationIsVisible = 0;
			defaultConfigurationName = Release;
		};
		28D92E5F2C2FC5BB0063A2D0 /* Build configuration list for PBXNativeTarget "Working with imagesTests" */ = {
			isa = XCConfigurationList;
			buildConfigurations = (
				28D92E602C2FC5BB0063A2D0 /* Debug */,
				28D92E612C2FC5BB0063A2D0 /* Release */,
			);
			defaultConfigurationIsVisible = 0;
			defaultConfigurationName = Release;
		};
		28D92E622C2FC5BB0063A2D0 /* Build configuration list for PBXNativeTarget "Working with imagesUITests" */ = {
			isa = XCConfigurationList;
			buildConfigurations = (
				28D92E632C2FC5BB0063A2D0 /* Debug */,
				28D92E642C2FC5BB0063A2D0 /* Release */,
			);
			defaultConfigurationIsVisible = 0;
			defaultConfigurationName = Release;
		};
/* End XCConfigurationList section */

/* Begin XCRemoteSwiftPackageReference section */
		28D92E652C2FC8AB0063A2D0 /* XCRemoteSwiftPackageReference "SDWebImage" */ = {
			isa = XCRemoteSwiftPackageReference;
			repositoryURL = "https://github.com/SDWebImage/SDWebImage";
			requirement = {
				kind = upToNextMajorVersion;
				minimumVersion = 5.19.3;
			};
		};
/* End XCRemoteSwiftPackageReference section */

/* Begin XCSwiftPackageProductDependency section */
		28D92E662C2FC8AB0063A2D0 /* SDWebImage */ = {
			isa = XCSwiftPackageProductDependency;
			package = 28D92E652C2FC8AB0063A2D0 /* XCRemoteSwiftPackageReference "SDWebImage" */;
			productName = SDWebImage;
		};
/* End XCSwiftPackageProductDependency section */
	};
	rootObject = 28D92E2A2C2FC5B80063A2D0 /* Project object */;
}
