// !$*UTF8*$!
{
	archiveVersion = 1;
	classes = {
	};
	objectVersion = 54;
	objects = {

/* Begin PBXBuildFile section */
		282F48C82BCBB9E50022B10F /* InitialViewController.swift in Sources */ = {isa = PBXBuildFile; fileRef = 282F48C72BCBB9E50022B10F /* InitialViewController.swift */; };
		283FEF392BE7407700E43E51 /* DetailsViewController.swift in Sources */ = {isa = PBXBuildFile; fileRef = 283FEF382BE7407700E43E51 /* DetailsViewController.swift */; };
		283FEF3B2BE74B3000E43E51 /* TVC1Header.swift in Sources */ = {isa = PBXBuildFile; fileRef = 283FEF3A2BE74B3000E43E51 /* TVC1Header.swift */; };
		283FEF3D2BE74B6B00E43E51 /* TVC1Header.xib in Resources */ = {isa = PBXBuildFile; fileRef = 283FEF3C2BE74B6B00E43E51 /* TVC1Header.xib */; };
		283FEF3F2BE74D8900E43E51 /* Extensions.swift in Sources */ = {isa = PBXBuildFile; fileRef = 283FEF3E2BE74D8900E43E51 /* Extensions.swift */; };
		284E4EB42BD38FBA00212337 /* NetworkManager.swift in Sources */ = {isa = PBXBuildFile; fileRef = 284E4EB32BD38FBA00212337 /* NetworkManager.swift */; };
		284E4EB62BD39FAC00212337 /* RestAPI_Dev.swift in Sources */ = {isa = PBXBuildFile; fileRef = 284E4EB52BD39FAC00212337 /* RestAPI_Dev.swift */; };
		2874F6092BCBC44A004945C2 /* TableViewController1.swift in Sources */ = {isa = PBXBuildFile; fileRef = 2874F6082BCBC44A004945C2 /* TableViewController1.swift */; };
		2874F60B2BCBC453004945C2 /* TableViewController2.swift in Sources */ = {isa = PBXBuildFile; fileRef = 2874F60A2BCBC453004945C2 /* TableViewController2.swift */; };
		2874F6112BCBC999004945C2 /* TableView1Cell.swift in Sources */ = {isa = PBXBuildFile; fileRef = 2874F60F2BCBC999004945C2 /* TableView1Cell.swift */; };
		2874F6122BCBC999004945C2 /* TableView1Cell.xib in Resources */ = {isa = PBXBuildFile; fileRef = 2874F6102BCBC999004945C2 /* TableView1Cell.xib */; };
		2874F6152BCBEC5D004945C2 /* Drinks.swift in Sources */ = {isa = PBXBuildFile; fileRef = 2874F6142BCBEC5D004945C2 /* Drinks.swift */; };
		288F13222BC266DF00EECB6E /* AppDelegate.swift in Sources */ = {isa = PBXBuildFile; fileRef = 288F13212BC266DF00EECB6E /* AppDelegate.swift */; };
		288F13242BC266DF00EECB6E /* SceneDelegate.swift in Sources */ = {isa = PBXBuildFile; fileRef = 288F13232BC266DF00EECB6E /* SceneDelegate.swift */; };
		288F13262BC266DF00EECB6E /* ViewController.swift in Sources */ = {isa = PBXBuildFile; fileRef = 288F13252BC266DF00EECB6E /* ViewController.swift */; };
		288F13292BC266DF00EECB6E /* Main.storyboard in Resources */ = {isa = PBXBuildFile; fileRef = 288F13272BC266DF00EECB6E /* Main.storyboard */; };
		288F132B2BC266E100EECB6E /* Assets.xcassets in Resources */ = {isa = PBXBuildFile; fileRef = 288F132A2BC266E100EECB6E /* Assets.xcassets */; };
		288F132E2BC266E100EECB6E /* LaunchScreen.storyboard in Resources */ = {isa = PBXBuildFile; fileRef = 288F132C2BC266E100EECB6E /* LaunchScreen.storyboard */; };
		288F13392BC266E200EECB6E /* BasicsTests.swift in Sources */ = {isa = PBXBuildFile; fileRef = 288F13382BC266E200EECB6E /* BasicsTests.swift */; };
		288F13432BC266E200EECB6E /* BasicsUITests.swift in Sources */ = {isa = PBXBuildFile; fileRef = 288F13422BC266E200EECB6E /* BasicsUITests.swift */; };
		288F13452BC266E200EECB6E /* BasicsUITestsLaunchTests.swift in Sources */ = {isa = PBXBuildFile; fileRef = 288F13442BC266E200EECB6E /* BasicsUITestsLaunchTests.swift */; };
/* End PBXBuildFile section */

/* Begin PBXContainerItemProxy section */
		288F13352BC266E200EECB6E /* PBXContainerItemProxy */ = {
			isa = PBXContainerItemProxy;
			containerPortal = 288F13162BC266DF00EECB6E /* Project object */;
			proxyType = 1;
			remoteGlobalIDString = 288F131D2BC266DF00EECB6E;
			remoteInfo = Basics;
		};
		288F133F2BC266E200EECB6E /* PBXContainerItemProxy */ = {
			isa = PBXContainerItemProxy;
			containerPortal = 288F13162BC266DF00EECB6E /* Project object */;
			proxyType = 1;
			remoteGlobalIDString = 288F131D2BC266DF00EECB6E;
			remoteInfo = Basics;
		};
/* End PBXContainerItemProxy section */

/* Begin PBXFileReference section */
		282F48C72BCBB9E50022B10F /* InitialViewController.swift */ = {isa = PBXFileReference; lastKnownFileType = sourcecode.swift; path = InitialViewController.swift; sourceTree = "<group>"; };
		283FEF382BE7407700E43E51 /* DetailsViewController.swift */ = {isa = PBXFileReference; lastKnownFileType = sourcecode.swift; path = DetailsViewController.swift; sourceTree = "<group>"; };
		283FEF3A2BE74B3000E43E51 /* TVC1Header.swift */ = {isa = PBXFileReference; lastKnownFileType = sourcecode.swift; path = TVC1Header.swift; sourceTree = "<group>"; };
		283FEF3C2BE74B6B00E43E51 /* TVC1Header.xib */ = {isa = PBXFileReference; lastKnownFileType = file.xib; path = TVC1Header.xib; sourceTree = "<group>"; };
		283FEF3E2BE74D8900E43E51 /* Extensions.swift */ = {isa = PBXFileReference; lastKnownFileType = sourcecode.swift; path = Extensions.swift; sourceTree = "<group>"; };
		284E4EB32BD38FBA00212337 /* NetworkManager.swift */ = {isa = PBXFileReference; lastKnownFileType = sourcecode.swift; path = NetworkManager.swift; sourceTree = "<group>"; };
		284E4EB52BD39FAC00212337 /* RestAPI_Dev.swift */ = {isa = PBXFileReference; lastKnownFileType = sourcecode.swift; path = RestAPI_Dev.swift; sourceTree = "<group>"; };
		2874F6082BCBC44A004945C2 /* TableViewController1.swift */ = {isa = PBXFileReference; lastKnownFileType = sourcecode.swift; path = TableViewController1.swift; sourceTree = "<group>"; };
		2874F60A2BCBC453004945C2 /* TableViewController2.swift */ = {isa = PBXFileReference; lastKnownFileType = sourcecode.swift; path = TableViewController2.swift; sourceTree = "<group>"; };
		2874F60F2BCBC999004945C2 /* TableView1Cell.swift */ = {isa = PBXFileReference; lastKnownFileType = sourcecode.swift; path = TableView1Cell.swift; sourceTree = "<group>"; };
		2874F6102BCBC999004945C2 /* TableView1Cell.xib */ = {isa = PBXFileReference; lastKnownFileType = file.xib; path = TableView1Cell.xib; sourceTree = "<group>"; };
		2874F6142BCBEC5D004945C2 /* Drinks.swift */ = {isa = PBXFileReference; lastKnownFileType = sourcecode.swift; path = Drinks.swift; sourceTree = "<group>"; };
		288F131E2BC266DF00EECB6E /* Basics.app */ = {isa = PBXFileReference; explicitFileType = wrapper.application; includeInIndex = 0; path = Basics.app; sourceTree = BUILT_PRODUCTS_DIR; };
		288F13212BC266DF00EECB6E /* AppDelegate.swift */ = {isa = PBXFileReference; lastKnownFileType = sourcecode.swift; path = AppDelegate.swift; sourceTree = "<group>"; usesTabs = 0; };
		288F13232BC266DF00EECB6E /* SceneDelegate.swift */ = {isa = PBXFileReference; lastKnownFileType = sourcecode.swift; path = SceneDelegate.swift; sourceTree = "<group>"; };
		288F13252BC266DF00EECB6E /* ViewController.swift */ = {isa = PBXFileReference; lastKnownFileType = sourcecode.swift; path = ViewController.swift; sourceTree = "<group>"; };
		288F13282BC266DF00EECB6E /* Base */ = {isa = PBXFileReference; lastKnownFileType = file.storyboard; name = Base; path = Base.lproj/Main.storyboard; sourceTree = "<group>"; };
		288F132A2BC266E100EECB6E /* Assets.xcassets */ = {isa = PBXFileReference; lastKnownFileType = folder.assetcatalog; path = Assets.xcassets; sourceTree = "<group>"; };
		288F132D2BC266E100EECB6E /* Base */ = {isa = PBXFileReference; lastKnownFileType = file.storyboard; name = Base; path = Base.lproj/LaunchScreen.storyboard; sourceTree = "<group>"; };
		288F132F2BC266E100EECB6E /* Info.plist */ = {isa = PBXFileReference; lastKnownFileType = text.plist.xml; path = Info.plist; sourceTree = "<group>"; };
		288F13342BC266E200EECB6E /* BasicsTests.xctest */ = {isa = PBXFileReference; explicitFileType = wrapper.cfbundle; includeInIndex = 0; path = BasicsTests.xctest; sourceTree = BUILT_PRODUCTS_DIR; };
		288F13382BC266E200EECB6E /* BasicsTests.swift */ = {isa = PBXFileReference; lastKnownFileType = sourcecode.swift; path = BasicsTests.swift; sourceTree = "<group>"; };
		288F133E2BC266E200EECB6E /* BasicsUITests.xctest */ = {isa = PBXFileReference; explicitFileType = wrapper.cfbundle; includeInIndex = 0; path = BasicsUITests.xctest; sourceTree = BUILT_PRODUCTS_DIR; };
		288F13422BC266E200EECB6E /* BasicsUITests.swift */ = {isa = PBXFileReference; lastKnownFileType = sourcecode.swift; path = BasicsUITests.swift; sourceTree = "<group>"; };
		288F13442BC266E200EECB6E /* BasicsUITestsLaunchTests.swift */ = {isa = PBXFileReference; lastKnownFileType = sourcecode.swift; path = BasicsUITestsLaunchTests.swift; sourceTree = "<group>"; };
/* End PBXFileReference section */

/* Begin PBXFrameworksBuildPhase section */
		288F131B2BC266DF00EECB6E /* Frameworks */ = {
			isa = PBXFrameworksBuildPhase;
			buildActionMask = 2147483647;
			files = (
			);
			runOnlyForDeploymentPostprocessing = 0;
		};
		288F13312BC266E200EECB6E /* Frameworks */ = {
			isa = PBXFrameworksBuildPhase;
			buildActionMask = 2147483647;
			files = (
			);
			runOnlyForDeploymentPostprocessing = 0;
		};
		288F133B2BC266E200EECB6E /* Frameworks */ = {
			isa = PBXFrameworksBuildPhase;
			buildActionMask = 2147483647;
			files = (
			);
			runOnlyForDeploymentPostprocessing = 0;
		};
/* End PBXFrameworksBuildPhase section */

/* Begin PBXGroup section */
		2874F60C2BCBC930004945C2 /* TableViewController1 */ = {
			isa = PBXGroup;
			children = (
				2874F60E2BCBC963004945C2 /* Cells */,
				2874F6082BCBC44A004945C2 /* TableViewController1.swift */,
				283FEF382BE7407700E43E51 /* DetailsViewController.swift */,
				283FEF3A2BE74B3000E43E51 /* TVC1Header.swift */,
				283FEF3C2BE74B6B00E43E51 /* TVC1Header.xib */,
			);
			path = TableViewController1;
			sourceTree = "<group>";
		};
		2874F60D2BCBC943004945C2 /* TableViewController2 */ = {
			isa = PBXGroup;
			children = (
				2874F60A2BCBC453004945C2 /* TableViewController2.swift */,
			);
			path = TableViewController2;
			sourceTree = "<group>";
		};
		2874F60E2BCBC963004945C2 /* Cells */ = {
			isa = PBXGroup;
			children = (
				2874F60F2BCBC999004945C2 /* TableView1Cell.swift */,
				2874F6102BCBC999004945C2 /* TableView1Cell.xib */,
			);
			path = Cells;
			sourceTree = "<group>";
		};
		2874F6132BCBEC4E004945C2 /* Networking */ = {
			isa = PBXGroup;
			children = (
				2874F6142BCBEC5D004945C2 /* Drinks.swift */,
				284E4EB52BD39FAC00212337 /* RestAPI_Dev.swift */,
				284E4EB32BD38FBA00212337 /* NetworkManager.swift */,
			);
			path = Networking;
			sourceTree = "<group>";
		};
		288F13152BC266DF00EECB6E = {
			isa = PBXGroup;
			children = (
				288F13202BC266DF00EECB6E /* Basics */,
				288F13372BC266E200EECB6E /* BasicsTests */,
				288F13412BC266E200EECB6E /* BasicsUITests */,
				288F131F2BC266DF00EECB6E /* Products */,
			);
			sourceTree = "<group>";
		};
		288F131F2BC266DF00EECB6E /* Products */ = {
			isa = PBXGroup;
			children = (
				288F131E2BC266DF00EECB6E /* Basics.app */,
				288F13342BC266E200EECB6E /* BasicsTests.xctest */,
				288F133E2BC266E200EECB6E /* BasicsUITests.xctest */,
			);
			name = Products;
			sourceTree = "<group>";
		};
		288F13202BC266DF00EECB6E /* Basics */ = {
			isa = PBXGroup;
			children = (
				2874F6132BCBEC4E004945C2 /* Networking */,
				288F13212BC266DF00EECB6E /* AppDelegate.swift */,
				288F13232BC266DF00EECB6E /* SceneDelegate.swift */,
				282F48C72BCBB9E50022B10F /* InitialViewController.swift */,
				288F13252BC266DF00EECB6E /* ViewController.swift */,
				283FEF3E2BE74D8900E43E51 /* Extensions.swift */,
				2874F60C2BCBC930004945C2 /* TableViewController1 */,
				2874F60D2BCBC943004945C2 /* TableViewController2 */,
				288F13272BC266DF00EECB6E /* Main.storyboard */,
				288F132A2BC266E100EECB6E /* Assets.xcassets */,
				288F132C2BC266E100EECB6E /* LaunchScreen.storyboard */,
				288F132F2BC266E100EECB6E /* Info.plist */,
			);
			path = Basics;
			sourceTree = "<group>";
		};
		288F13372BC266E200EECB6E /* BasicsTests */ = {
			isa = PBXGroup;
			children = (
				288F13382BC266E200EECB6E /* BasicsTests.swift */,
			);
			path = BasicsTests;
			sourceTree = "<group>";
		};
		288F13412BC266E200EECB6E /* BasicsUITests */ = {
			isa = PBXGroup;
			children = (
				288F13422BC266E200EECB6E /* BasicsUITests.swift */,
				288F13442BC266E200EECB6E /* BasicsUITestsLaunchTests.swift */,
			);
			path = BasicsUITests;
			sourceTree = "<group>";
		};
/* End PBXGroup section */

/* Begin PBXNativeTarget section */
		288F131D2BC266DF00EECB6E /* Basics */ = {
			isa = PBXNativeTarget;
			buildConfigurationList = 288F13482BC266E200EECB6E /* Build configuration list for PBXNativeTarget "Basics" */;
			buildPhases = (
				288F131A2BC266DF00EECB6E /* Sources */,
				288F131B2BC266DF00EECB6E /* Frameworks */,
				288F131C2BC266DF00EECB6E /* Resources */,
			);
			buildRules = (
			);
			dependencies = (
			);
			name = Basics;
			productName = Basics;
			productReference = 288F131E2BC266DF00EECB6E /* Basics.app */;
			productType = "com.apple.product-type.application";
		};
		288F13332BC266E200EECB6E /* BasicsTests */ = {
			isa = PBXNativeTarget;
			buildConfigurationList = 288F134B2BC266E200EECB6E /* Build configuration list for PBXNativeTarget "BasicsTests" */;
			buildPhases = (
				288F13302BC266E200EECB6E /* Sources */,
				288F13312BC266E200EECB6E /* Frameworks */,
				288F13322BC266E200EECB6E /* Resources */,
			);
			buildRules = (
			);
			dependencies = (
				288F13362BC266E200EECB6E /* PBXTargetDependency */,
			);
			name = BasicsTests;
			productName = BasicsTests;
			productReference = 288F13342BC266E200EECB6E /* BasicsTests.xctest */;
			productType = "com.apple.product-type.bundle.unit-test";
		};
		288F133D2BC266E200EECB6E /* BasicsUITests */ = {
			isa = PBXNativeTarget;
			buildConfigurationList = 288F134E2BC266E200EECB6E /* Build configuration list for PBXNativeTarget "BasicsUITests" */;
			buildPhases = (
				288F133A2BC266E200EECB6E /* Sources */,
				288F133B2BC266E200EECB6E /* Frameworks */,
				288F133C2BC266E200EECB6E /* Resources */,
			);
			buildRules = (
			);
			dependencies = (
				288F13402BC266E200EECB6E /* PBXTargetDependency */,
			);
			name = BasicsUITests;
			productName = BasicsUITests;
			productReference = 288F133E2BC266E200EECB6E /* BasicsUITests.xctest */;
			productType = "com.apple.product-type.bundle.ui-testing";
		};
/* End PBXNativeTarget section */

/* Begin PBXProject section */
		288F13162BC266DF00EECB6E /* Project object */ = {
			isa = PBXProject;
			attributes = {
				BuildIndependentTargetsInParallel = 1;
				LastSwiftUpdateCheck = 1500;
				LastUpgradeCheck = 1500;
				TargetAttributes = {
					288F131D2BC266DF00EECB6E = {
						CreatedOnToolsVersion = 15.0.1;
					};
					288F13332BC266E200EECB6E = {
						CreatedOnToolsVersion = 15.0.1;
						TestTargetID = 288F131D2BC266DF00EECB6E;
					};
					288F133D2BC266E200EECB6E = {
						CreatedOnToolsVersion = 15.0.1;
						TestTargetID = 288F131D2BC266DF00EECB6E;
					};
				};
			};
			buildConfigurationList = 288F13192BC266DF00EECB6E /* Build configuration list for PBXProject "Basics" */;
			compatibilityVersion = "Xcode 12.0";
			developmentRegion = en;
			hasScannedForEncodings = 0;
			knownRegions = (
				en,
				Base,
			);
			mainGroup = 288F13152BC266DF00EECB6E;
			productRefGroup = 288F131F2BC266DF00EECB6E /* Products */;
			projectDirPath = "";
			projectRoot = "";
			targets = (
				288F131D2BC266DF00EECB6E /* Basics */,
				288F13332BC266E200EECB6E /* BasicsTests */,
				288F133D2BC266E200EECB6E /* BasicsUITests */,
			);
		};
/* End PBXProject section */

/* Begin PBXResourcesBuildPhase section */
		288F131C2BC266DF00EECB6E /* Resources */ = {
			isa = PBXResourcesBuildPhase;
			buildActionMask = 2147483647;
			files = (
				288F132E2BC266E100EECB6E /* LaunchScreen.storyboard in Resources */,
				288F132B2BC266E100EECB6E /* Assets.xcassets in Resources */,
				288F13292BC266DF00EECB6E /* Main.storyboard in Resources */,
				283FEF3D2BE74B6B00E43E51 /* TVC1Header.xib in Resources */,
				2874F6122BCBC999004945C2 /* TableView1Cell.xib in Resources */,
			);
			runOnlyForDeploymentPostprocessing = 0;
		};
		288F13322BC266E200EECB6E /* Resources */ = {
			isa = PBXResourcesBuildPhase;
			buildActionMask = 2147483647;
			files = (
			);
			runOnlyForDeploymentPostprocessing = 0;
		};
		288F133C2BC266E200EECB6E /* Resources */ = {
			isa = PBXResourcesBuildPhase;
			buildActionMask = 2147483647;
			files = (
			);
			runOnlyForDeploymentPostprocessing = 0;
		};
/* End PBXResourcesBuildPhase section */

/* Begin PBXSourcesBuildPhase section */
		288F131A2BC266DF00EECB6E /* Sources */ = {
			isa = PBXSourcesBuildPhase;
			buildActionMask = 2147483647;
			files = (
				284E4EB62BD39FAC00212337 /* RestAPI_Dev.swift in Sources */,
				284E4EB42BD38FBA00212337 /* NetworkManager.swift in Sources */,
				288F13262BC266DF00EECB6E /* ViewController.swift in Sources */,
				283FEF392BE7407700E43E51 /* DetailsViewController.swift in Sources */,
				288F13222BC266DF00EECB6E /* AppDelegate.swift in Sources */,
				2874F6152BCBEC5D004945C2 /* Drinks.swift in Sources */,
				283FEF3B2BE74B3000E43E51 /* TVC1Header.swift in Sources */,
				2874F60B2BCBC453004945C2 /* TableViewController2.swift in Sources */,
				283FEF3F2BE74D8900E43E51 /* Extensions.swift in Sources */,
				2874F6092BCBC44A004945C2 /* TableViewController1.swift in Sources */,
				2874F6112BCBC999004945C2 /* TableView1Cell.swift in Sources */,
				288F13242BC266DF00EECB6E /* SceneDelegate.swift in Sources */,
				282F48C82BCBB9E50022B10F /* InitialViewController.swift in Sources */,
			);
			runOnlyForDeploymentPostprocessing = 0;
		};
		288F13302BC266E200EECB6E /* Sources */ = {
			isa = PBXSourcesBuildPhase;
			buildActionMask = 2147483647;
			files = (
				288F13392BC266E200EECB6E /* BasicsTests.swift in Sources */,
			);
			runOnlyForDeploymentPostprocessing = 0;
		};
		288F133A2BC266E200EECB6E /* Sources */ = {
			isa = PBXSourcesBuildPhase;
			buildActionMask = 2147483647;
			files = (
				288F13432BC266E200EECB6E /* BasicsUITests.swift in Sources */,
				288F13452BC266E200EECB6E /* BasicsUITestsLaunchTests.swift in Sources */,
			);
			runOnlyForDeploymentPostprocessing = 0;
		};
/* End PBXSourcesBuildPhase section */

/* Begin PBXTargetDependency section */
		288F13362BC266E200EECB6E /* PBXTargetDependency */ = {
			isa = PBXTargetDependency;
			target = 288F131D2BC266DF00EECB6E /* Basics */;
			targetProxy = 288F13352BC266E200EECB6E /* PBXContainerItemProxy */;
		};
		288F13402BC266E200EECB6E /* PBXTargetDependency */ = {
			isa = PBXTargetDependency;
			target = 288F131D2BC266DF00EECB6E /* Basics */;
			targetProxy = 288F133F2BC266E200EECB6E /* PBXContainerItemProxy */;
		};
/* End PBXTargetDependency section */

/* Begin PBXVariantGroup section */
		288F13272BC266DF00EECB6E /* Main.storyboard */ = {
			isa = PBXVariantGroup;
			children = (
				288F13282BC266DF00EECB6E /* Base */,
			);
			name = Main.storyboard;
			sourceTree = "<group>";
		};
		288F132C2BC266E100EECB6E /* LaunchScreen.storyboard */ = {
			isa = PBXVariantGroup;
			children = (
				288F132D2BC266E100EECB6E /* Base */,
			);
			name = LaunchScreen.storyboard;
			sourceTree = "<group>";
		};
/* End PBXVariantGroup section */

/* Begin XCBuildConfiguration section */
		288F13462BC266E200EECB6E /* Debug */ = {
			isa = XCBuildConfiguration;
			buildSettings = {
				ALWAYS_SEARCH_USER_PATHS = NO;
				ASSETCATALOG_COMPILER_GENERATE_SWIFT_ASSET_SYMBOL_EXTENSIONS = YES;
				CLANG_ANALYZER_NONNULL = YES;
				CLANG_ANALYZER_NUMBER_OBJECT_CONVERSION = YES_AGGRESSIVE;
				CLANG_CXX_LANGUAGE_STANDARD = "gnu++20";
				CLANG_ENABLE_MODULES = YES;
				CLANG_ENABLE_OBJC_ARC = YES;
				CLANG_ENABLE_OBJC_WEAK = YES;
				CLANG_WARN_BLOCK_CAPTURE_AUTORELEASING = YES;
				CLANG_WARN_BOOL_CONVERSION = YES;
				CLANG_WARN_COMMA = YES;
				CLANG_WARN_CONSTANT_CONVERSION = YES;
				CLANG_WARN_DEPRECATED_OBJC_IMPLEMENTATIONS = YES;
				CLANG_WARN_DIRECT_OBJC_ISA_USAGE = YES_ERROR;
				CLANG_WARN_DOCUMENTATION_COMMENTS = YES;
				CLANG_WARN_EMPTY_BODY = YES;
				CLANG_WARN_ENUM_CONVERSION = YES;
				CLANG_WARN_INFINITE_RECURSION = YES;
				CLANG_WARN_INT_CONVERSION = YES;
				CLANG_WARN_NON_LITERAL_NULL_CONVERSION = YES;
				CLANG_WARN_OBJC_IMPLICIT_RETAIN_SELF = YES;
				CLANG_WARN_OBJC_LITERAL_CONVERSION = YES;
				CLANG_WARN_OBJC_ROOT_CLASS = YES_ERROR;
				CLANG_WARN_QUOTED_INCLUDE_IN_FRAMEWORK_HEADER = YES;
				CLANG_WARN_RANGE_LOOP_ANALYSIS = YES;
				CLANG_WARN_STRICT_PROTOTYPES = YES;
				CLANG_WARN_SUSPICIOUS_MOVE = YES;
				CLANG_WARN_UNGUARDED_AVAILABILITY = YES_AGGRESSIVE;
				CLANG_WARN_UNREACHABLE_CODE = YES;
				CLANG_WARN__DUPLICATE_METHOD_MATCH = YES;
				COPY_PHASE_STRIP = NO;
				DEBUG_INFORMATION_FORMAT = dwarf;
				ENABLE_STRICT_OBJC_MSGSEND = YES;
				ENABLE_TESTABILITY = YES;
				ENABLE_USER_SCRIPT_SANDBOXING = YES;
				GCC_C_LANGUAGE_STANDARD = gnu17;
				GCC_DYNAMIC_NO_PIC = NO;
				GCC_NO_COMMON_BLOCKS = YES;
				GCC_OPTIMIZATION_LEVEL = 0;
				GCC_PREPROCESSOR_DEFINITIONS = (
					"DEBUG=1",
					"$(inherited)",
				);
				GCC_WARN_64_TO_32_BIT_CONVERSION = YES;
				GCC_WARN_ABOUT_RETURN_TYPE = YES_ERROR;
				GCC_WARN_UNDECLARED_SELECTOR = YES;
				GCC_WARN_UNINITIALIZED_AUTOS = YES_AGGRESSIVE;
				GCC_WARN_UNUSED_FUNCTION = YES;
				GCC_WARN_UNUSED_VARIABLE = YES;
				IPHONEOS_DEPLOYMENT_TARGET = 17.0;
				LOCALIZATION_PREFERS_STRING_CATALOGS = YES;
				MTL_ENABLE_DEBUG_INFO = INCLUDE_SOURCE;
				MTL_FAST_MATH = YES;
				ONLY_ACTIVE_ARCH = YES;
				SDKROOT = iphoneos;
				SWIFT_ACTIVE_COMPILATION_CONDITIONS = "DEBUG $(inherited)";
				SWIFT_OPTIMIZATION_LEVEL = "-Onone";
			};
			name = Debug;
		};
		288F13472BC266E200EECB6E /* Release */ = {
			isa = XCBuildConfiguration;
			buildSettings = {
				ALWAYS_SEARCH_USER_PATHS = NO;
				ASSETCATALOG_COMPILER_GENERATE_SWIFT_ASSET_SYMBOL_EXTENSIONS = YES;
				CLANG_ANALYZER_NONNULL = YES;
				CLANG_ANALYZER_NUMBER_OBJECT_CONVERSION = YES_AGGRESSIVE;
				CLANG_CXX_LANGUAGE_STANDARD = "gnu++20";
				CLANG_ENABLE_MODULES = YES;
				CLANG_ENABLE_OBJC_ARC = YES;
				CLANG_ENABLE_OBJC_WEAK = YES;
				CLANG_WARN_BLOCK_CAPTURE_AUTORELEASING = YES;
				CLANG_WARN_BOOL_CONVERSION = YES;
				CLANG_WARN_COMMA = YES;
				CLANG_WARN_CONSTANT_CONVERSION = YES;
				CLANG_WARN_DEPRECATED_OBJC_IMPLEMENTATIONS = YES;
				CLANG_WARN_DIRECT_OBJC_ISA_USAGE = YES_ERROR;
				CLANG_WARN_DOCUMENTATION_COMMENTS = YES;
				CLANG_WARN_EMPTY_BODY = YES;
				CLANG_WARN_ENUM_CONVERSION = YES;
				CLANG_WARN_INFINITE_RECURSION = YES;
				CLANG_WARN_INT_CONVERSION = YES;
				CLANG_WARN_NON_LITERAL_NULL_CONVERSION = YES;
				CLANG_WARN_OBJC_IMPLICIT_RETAIN_SELF = YES;
				CLANG_WARN_OBJC_LITERAL_CONVERSION = YES;
				CLANG_WARN_OBJC_ROOT_CLASS = YES_ERROR;
				CLANG_WARN_QUOTED_INCLUDE_IN_FRAMEWORK_HEADER = YES;
				CLANG_WARN_RANGE_LOOP_ANALYSIS = YES;
				CLANG_WARN_STRICT_PROTOTYPES = YES;
				CLANG_WARN_SUSPICIOUS_MOVE = YES;
				CLANG_WARN_UNGUARDED_AVAILABILITY = YES_AGGRESSIVE;
				CLANG_WARN_UNREACHABLE_CODE = YES;
				CLANG_WARN__DUPLICATE_METHOD_MATCH = YES;
				COPY_PHASE_STRIP = NO;
				DEBUG_INFORMATION_FORMAT = "dwarf-with-dsym";
				ENABLE_NS_ASSERTIONS = NO;
				ENABLE_STRICT_OBJC_MSGSEND = YES;
				ENABLE_USER_SCRIPT_SANDBOXING = YES;
				GCC_C_LANGUAGE_STANDARD = gnu17;
				GCC_NO_COMMON_BLOCKS = YES;
				GCC_WARN_64_TO_32_BIT_CONVERSION = YES;
				GCC_WARN_ABOUT_RETURN_TYPE = YES_ERROR;
				GCC_WARN_UNDECLARED_SELECTOR = YES;
				GCC_WARN_UNINITIALIZED_AUTOS = YES_AGGRESSIVE;
				GCC_WARN_UNUSED_FUNCTION = YES;
				GCC_WARN_UNUSED_VARIABLE = YES;
				IPHONEOS_DEPLOYMENT_TARGET = 17.0;
				LOCALIZATION_PREFERS_STRING_CATALOGS = YES;
				MTL_ENABLE_DEBUG_INFO = NO;
				MTL_FAST_MATH = YES;
				SDKROOT = iphoneos;
				SWIFT_COMPILATION_MODE = wholemodule;
				VALIDATE_PRODUCT = YES;
			};
			name = Release;
		};
		288F13492BC266E200EECB6E /* Debug */ = {
			isa = XCBuildConfiguration;
			buildSettings = {
				ASSETCATALOG_COMPILER_APPICON_NAME = AppIcon;
				ASSETCATALOG_COMPILER_GLOBAL_ACCENT_COLOR_NAME = AccentColor;
				CODE_SIGN_STYLE = Automatic;
				CURRENT_PROJECT_VERSION = 1;
				GENERATE_INFOPLIST_FILE = YES;
				INFOPLIST_FILE = Basics/Info.plist;
				INFOPLIST_KEY_UIApplicationSupportsIndirectInputEvents = YES;
				INFOPLIST_KEY_UILaunchStoryboardName = LaunchScreen;
				INFOPLIST_KEY_UIMainStoryboardFile = Main;
				INFOPLIST_KEY_UIRequiresFullScreen = NO;
				INFOPLIST_KEY_UIStatusBarHidden = NO;
				INFOPLIST_KEY_UISupportedInterfaceOrientations_iPad = "UIInterfaceOrientationPortrait UIInterfaceOrientationPortraitUpsideDown UIInterfaceOrientationLandscapeLeft UIInterfaceOrientationLandscapeRight";
				INFOPLIST_KEY_UISupportedInterfaceOrientations_iPhone = "UIInterfaceOrientationPortrait UIInterfaceOrientationLandscapeLeft UIInterfaceOrientationLandscapeRight";
				IPHONEOS_DEPLOYMENT_TARGET = 15.0;
				LD_RUNPATH_SEARCH_PATHS = (
					"$(inherited)",
					"@executable_path/Frameworks",
				);
				MARKETING_VERSION = 1.0;
				PRODUCT_BUNDLE_IDENTIFIER = com.chaitanyasoni.Basics;
				PRODUCT_NAME = "$(TARGET_NAME)";
				SWIFT_EMIT_LOC_STRINGS = YES;
				SWIFT_VERSION = 5.0;
				TARGETED_DEVICE_FAMILY = "1,2";
			};
			name = Debug;
		};
		288F134A2BC266E200EECB6E /* Release */ = {
			isa = XCBuildConfiguration;
			buildSettings = {
				ASSETCATALOG_COMPILER_APPICON_NAME = AppIcon;
				ASSETCATALOG_COMPILER_GLOBAL_ACCENT_COLOR_NAME = AccentColor;
				CODE_SIGN_STYLE = Automatic;
				CURRENT_PROJECT_VERSION = 1;
				GENERATE_INFOPLIST_FILE = YES;
				INFOPLIST_FILE = Basics/Info.plist;
				INFOPLIST_KEY_UIApplicationSupportsIndirectInputEvents = YES;
				INFOPLIST_KEY_UILaunchStoryboardName = LaunchScreen;
				INFOPLIST_KEY_UIMainStoryboardFile = Main;
				INFOPLIST_KEY_UIRequiresFullScreen = NO;
				INFOPLIST_KEY_UIStatusBarHidden = NO;
				INFOPLIST_KEY_UISupportedInterfaceOrientations_iPad = "UIInterfaceOrientationPortrait UIInterfaceOrientationPortraitUpsideDown UIInterfaceOrientationLandscapeLeft UIInterfaceOrientationLandscapeRight";
				INFOPLIST_KEY_UISupportedInterfaceOrientations_iPhone = "UIInterfaceOrientationPortrait UIInterfaceOrientationLandscapeLeft UIInterfaceOrientationLandscapeRight";
				IPHONEOS_DEPLOYMENT_TARGET = 15.0;
				LD_RUNPATH_SEARCH_PATHS = (
					"$(inherited)",
					"@executable_path/Frameworks",
				);
				MARKETING_VERSION = 1.0;
				PRODUCT_BUNDLE_IDENTIFIER = com.chaitanyasoni.Basics;
				PRODUCT_NAME = "$(TARGET_NAME)";
				SWIFT_EMIT_LOC_STRINGS = YES;
				SWIFT_VERSION = 5.0;
				TARGETED_DEVICE_FAMILY = "1,2";
			};
			name = Release;
		};
		288F134C2BC266E200EECB6E /* Debug */ = {
			isa = XCBuildConfiguration;
			buildSettings = {
				ALWAYS_EMBED_SWIFT_STANDARD_LIBRARIES = YES;
				BUNDLE_LOADER = "$(TEST_HOST)";
				CODE_SIGN_STYLE = Automatic;
				CURRENT_PROJECT_VERSION = 1;
				GENERATE_INFOPLIST_FILE = YES;
				IPHONEOS_DEPLOYMENT_TARGET = 17.0;
				MARKETING_VERSION = 1.0;
				PRODUCT_BUNDLE_IDENTIFIER = com.chaitanyasoni.BasicsTests;
				PRODUCT_NAME = "$(TARGET_NAME)";
				SWIFT_EMIT_LOC_STRINGS = NO;
				SWIFT_VERSION = 5.0;
				TARGETED_DEVICE_FAMILY = "1,2";
				TEST_HOST = "$(BUILT_PRODUCTS_DIR)/Basics.app/$(BUNDLE_EXECUTABLE_FOLDER_PATH)/Basics";
			};
			name = Debug;
		};
		288F134D2BC266E200EECB6E /* Release */ = {
			isa = XCBuildConfiguration;
			buildSettings = {
				ALWAYS_EMBED_SWIFT_STANDARD_LIBRARIES = YES;
				BUNDLE_LOADER = "$(TEST_HOST)";
				CODE_SIGN_STYLE = Automatic;
				CURRENT_PROJECT_VERSION = 1;
				GENERATE_INFOPLIST_FILE = YES;
				IPHONEOS_DEPLOYMENT_TARGET = 17.0;
				MARKETING_VERSION = 1.0;
				PRODUCT_BUNDLE_IDENTIFIER = com.chaitanyasoni.BasicsTests;
				PRODUCT_NAME = "$(TARGET_NAME)";
				SWIFT_EMIT_LOC_STRINGS = NO;
				SWIFT_VERSION = 5.0;
				TARGETED_DEVICE_FAMILY = "1,2";
				TEST_HOST = "$(BUILT_PRODUCTS_DIR)/Basics.app/$(BUNDLE_EXECUTABLE_FOLDER_PATH)/Basics";
			};
			name = Release;
		};
		288F134F2BC266E200EECB6E /* Debug */ = {
			isa = XCBuildConfiguration;
			buildSettings = {
				ALWAYS_EMBED_SWIFT_STANDARD_LIBRARIES = YES;
				CODE_SIGN_STYLE = Automatic;
				CURRENT_PROJECT_VERSION = 1;
				GENERATE_INFOPLIST_FILE = YES;
				MARKETING_VERSION = 1.0;
				PRODUCT_BUNDLE_IDENTIFIER = com.chaitanyasoni.BasicsUITests;
				PRODUCT_NAME = "$(TARGET_NAME)";
				SWIFT_EMIT_LOC_STRINGS = NO;
				SWIFT_VERSION = 5.0;
				TARGETED_DEVICE_FAMILY = "1,2";
				TEST_TARGET_NAME = Basics;
			};
			name = Debug;
		};
		288F13502BC266E200EECB6E /* Release */ = {
			isa = XCBuildConfiguration;
			buildSettings = {
				ALWAYS_EMBED_SWIFT_STANDARD_LIBRARIES = YES;
				CODE_SIGN_STYLE = Automatic;
				CURRENT_PROJECT_VERSION = 1;
				GENERATE_INFOPLIST_FILE = YES;
				MARKETING_VERSION = 1.0;
				PRODUCT_BUNDLE_IDENTIFIER = com.chaitanyasoni.BasicsUITests;
				PRODUCT_NAME = "$(TARGET_NAME)";
				SWIFT_EMIT_LOC_STRINGS = NO;
				SWIFT_VERSION = 5.0;
				TARGETED_DEVICE_FAMILY = "1,2";
				TEST_TARGET_NAME = Basics;
			};
			name = Release;
		};
/* End XCBuildConfiguration section */

/* Begin XCConfigurationList section */
		288F13192BC266DF00EECB6E /* Build configuration list for PBXProject "Basics" */ = {
			isa = XCConfigurationList;
			buildConfigurations = (
				288F13462BC266E200EECB6E /* Debug */,
				288F13472BC266E200EECB6E /* Release */,
			);
			defaultConfigurationIsVisible = 0;
			defaultConfigurationName = Release;
		};
		288F13482BC266E200EECB6E /* Build configuration list for PBXNativeTarget "Basics" */ = {
			isa = XCConfigurationList;
			buildConfigurations = (
				288F13492BC266E200EECB6E /* Debug */,
				288F134A2BC266E200EECB6E /* Release */,
			);
			defaultConfigurationIsVisible = 0;
			defaultConfigurationName = Release;
		};
		288F134B2BC266E200EECB6E /* Build configuration list for PBXNativeTarget "BasicsTests" */ = {
			isa = XCConfigurationList;
			buildConfigurations = (
				288F134C2BC266E200EECB6E /* Debug */,
				288F134D2BC266E200EECB6E /* Release */,
			);
			defaultConfigurationIsVisible = 0;
			defaultConfigurationName = Release;
		};
		288F134E2BC266E200EECB6E /* Build configuration list for PBXNativeTarget "BasicsUITests" */ = {
			isa = XCConfigurationList;
			buildConfigurations = (
				288F134F2BC266E200EECB6E /* Debug */,
				288F13502BC266E200EECB6E /* Release */,
			);
			defaultConfigurationIsVisible = 0;
			defaultConfigurationName = Release;
		};
/* End XCConfigurationList section */
	};
	rootObject = 288F13162BC266DF00EECB6E /* Project object */;
}
