// !$*UTF8*$!
{
	archiveVersion = 1;
	classes = {
	};
	objectVersion = 56;
	objects = {

/* Begin PBXBuildFile section */
		282D13D02C4BA5960014DEFE /* SwiftUI_BasicsApp.swift in Sources */ = {isa = PBXBuildFile; fileRef = 282D13CF2C4BA5960014DEFE /* SwiftUI_BasicsApp.swift */; };
		282D13D22C4BA5960014DEFE /* ContentView.swift in Sources */ = {isa = PBXBuildFile; fileRef = 282D13D12C4BA5960014DEFE /* ContentView.swift */; };
		282D13D42C4BA5980014DEFE /* Assets.xcassets in Resources */ = {isa = PBXBuildFile; fileRef = 282D13D32C4BA5980014DEFE /* Assets.xcassets */; };
		282D13D72C4BA5980014DEFE /* Preview Assets.xcassets in Resources */ = {isa = PBXBuildFile; fileRef = 282D13D62C4BA5980014DEFE /* Preview Assets.xcassets */; };
		282D13E12C4BA5980014DEFE /* SwiftUI_BasicsTests.swift in Sources */ = {isa = PBXBuildFile; fileRef = 282D13E02C4BA5980014DEFE /* SwiftUI_BasicsTests.swift */; };
		282D13EB2C4BA5980014DEFE /* SwiftUI_BasicsUITests.swift in Sources */ = {isa = PBXBuildFile; fileRef = 282D13EA2C4BA5980014DEFE /* SwiftUI_BasicsUITests.swift */; };
		282D13ED2C4BA5980014DEFE /* SwiftUI_BasicsUITestsLaunchTests.swift in Sources */ = {isa = PBXBuildFile; fileRef = 282D13EC2C4BA5980014DEFE /* SwiftUI_BasicsUITestsLaunchTests.swift */; };
/* End PBXBuildFile section */

/* Begin PBXContainerItemProxy section */
		282D13DD2C4BA5980014DEFE /* PBXContainerItemProxy */ = {
			isa = PBXContainerItemProxy;
			containerPortal = 282D13C42C4BA5960014DEFE /* Project object */;
			proxyType = 1;
			remoteGlobalIDString = 282D13CB2C4BA5960014DEFE;
			remoteInfo = "SwiftUI Basics";
		};
		282D13E72C4BA5980014DEFE /* PBXContainerItemProxy */ = {
			isa = PBXContainerItemProxy;
			containerPortal = 282D13C42C4BA5960014DEFE /* Project object */;
			proxyType = 1;
			remoteGlobalIDString = 282D13CB2C4BA5960014DEFE;
			remoteInfo = "SwiftUI Basics";
		};
/* End PBXContainerItemProxy section */

/* Begin PBXFileReference section */
		282D13CC2C4BA5960014DEFE /* SwiftUI Basics.app */ = {isa = PBXFileReference; explicitFileType = wrapper.application; includeInIndex = 0; path = "SwiftUI Basics.app"; sourceTree = BUILT_PRODUCTS_DIR; };
		282D13CF2C4BA5960014DEFE /* SwiftUI_BasicsApp.swift */ = {isa = PBXFileReference; lastKnownFileType = sourcecode.swift; path = SwiftUI_BasicsApp.swift; sourceTree = "<group>"; };
		282D13D12C4BA5960014DEFE /* ContentView.swift */ = {isa = PBXFileReference; lastKnownFileType = sourcecode.swift; path = ContentView.swift; sourceTree = "<group>"; };
		282D13D32C4BA5980014DEFE /* Assets.xcassets */ = {isa = PBXFileReference; lastKnownFileType = folder.assetcatalog; path = Assets.xcassets; sourceTree = "<group>"; };
		282D13D62C4BA5980014DEFE /* Preview Assets.xcassets */ = {isa = PBXFileReference; lastKnownFileType = folder.assetcatalog; path = "Preview Assets.xcassets"; sourceTree = "<group>"; };
		282D13DC2C4BA5980014DEFE /* SwiftUI BasicsTests.xctest */ = {isa = PBXFileReference; explicitFileType = wrapper.cfbundle; includeInIndex = 0; path = "SwiftUI BasicsTests.xctest"; sourceTree = BUILT_PRODUCTS_DIR; };
		282D13E02C4BA5980014DEFE /* SwiftUI_BasicsTests.swift */ = {isa = PBXFileReference; lastKnownFileType = sourcecode.swift; path = SwiftUI_BasicsTests.swift; sourceTree = "<group>"; };
		282D13E62C4BA5980014DEFE /* SwiftUI BasicsUITests.xctest */ = {isa = PBXFileReference; explicitFileType = wrapper.cfbundle; includeInIndex = 0; path = "SwiftUI BasicsUITests.xctest"; sourceTree = BUILT_PRODUCTS_DIR; };
		282D13EA2C4BA5980014DEFE /* SwiftUI_BasicsUITests.swift */ = {isa = PBXFileReference; lastKnownFileType = sourcecode.swift; path = SwiftUI_BasicsUITests.swift; sourceTree = "<group>"; };
		282D13EC2C4BA5980014DEFE /* SwiftUI_BasicsUITestsLaunchTests.swift */ = {isa = PBXFileReference; lastKnownFileType = sourcecode.swift; path = SwiftUI_BasicsUITestsLaunchTests.swift; sourceTree = "<group>"; };
/* End PBXFileReference section */

/* Begin PBXFrameworksBuildPhase section */
		282D13C92C4BA5960014DEFE /* Frameworks */ = {
			isa = PBXFrameworksBuildPhase;
			buildActionMask = 2147483647;
			files = (
			);
			runOnlyForDeploymentPostprocessing = 0;
		};
		282D13D92C4BA5980014DEFE /* Frameworks */ = {
			isa = PBXFrameworksBuildPhase;
			buildActionMask = 2147483647;
			files = (
			);
			runOnlyForDeploymentPostprocessing = 0;
		};
		282D13E32C4BA5980014DEFE /* Frameworks */ = {
			isa = PBXFrameworksBuildPhase;
			buildActionMask = 2147483647;
			files = (
			);
			runOnlyForDeploymentPostprocessing = 0;
		};
/* End PBXFrameworksBuildPhase section */

/* Begin PBXGroup section */
		282D13C32C4BA5960014DEFE = {
			isa = PBXGroup;
			children = (
				282D13CE2C4BA5960014DEFE /* SwiftUI Basics */,
				282D13DF2C4BA5980014DEFE /* SwiftUI BasicsTests */,
				282D13E92C4BA5980014DEFE /* SwiftUI BasicsUITests */,
				282D13CD2C4BA5960014DEFE /* Products */,
			);
			sourceTree = "<group>";
		};
		282D13CD2C4BA5960014DEFE /* Products */ = {
			isa = PBXGroup;
			children = (
				282D13CC2C4BA5960014DEFE /* SwiftUI Basics.app */,
				282D13DC2C4BA5980014DEFE /* SwiftUI BasicsTests.xctest */,
				282D13E62C4BA5980014DEFE /* SwiftUI BasicsUITests.xctest */,
			);
			name = Products;
			sourceTree = "<group>";
		};
		282D13CE2C4BA5960014DEFE /* SwiftUI Basics */ = {
			isa = PBXGroup;
			children = (
				282D13CF2C4BA5960014DEFE /* SwiftUI_BasicsApp.swift */,
				282D13D12C4BA5960014DEFE /* ContentView.swift */,
				282D13D32C4BA5980014DEFE /* Assets.xcassets */,
				282D13D52C4BA5980014DEFE /* Preview Content */,
			);
			path = "SwiftUI Basics";
			sourceTree = "<group>";
		};
		282D13D52C4BA5980014DEFE /* Preview Content */ = {
			isa = PBXGroup;
			children = (
				282D13D62C4BA5980014DEFE /* Preview Assets.xcassets */,
			);
			path = "Preview Content";
			sourceTree = "<group>";
		};
		282D13DF2C4BA5980014DEFE /* SwiftUI BasicsTests */ = {
			isa = PBXGroup;
			children = (
				282D13E02C4BA5980014DEFE /* SwiftUI_BasicsTests.swift */,
			);
			path = "SwiftUI BasicsTests";
			sourceTree = "<group>";
		};
		282D13E92C4BA5980014DEFE /* SwiftUI BasicsUITests */ = {
			isa = PBXGroup;
			children = (
				282D13EA2C4BA5980014DEFE /* SwiftUI_BasicsUITests.swift */,
				282D13EC2C4BA5980014DEFE /* SwiftUI_BasicsUITestsLaunchTests.swift */,
			);
			path = "SwiftUI BasicsUITests";
			sourceTree = "<group>";
		};
/* End PBXGroup section */

/* Begin PBXNativeTarget section */
		282D13CB2C4BA5960014DEFE /* SwiftUI Basics */ = {
			isa = PBXNativeTarget;
			buildConfigurationList = 282D13F02C4BA5980014DEFE /* Build configuration list for PBXNativeTarget "SwiftUI Basics" */;
			buildPhases = (
				282D13C82C4BA5960014DEFE /* Sources */,
				282D13C92C4BA5960014DEFE /* Frameworks */,
				282D13CA2C4BA5960014DEFE /* Resources */,
			);
			buildRules = (
			);
			dependencies = (
			);
			name = "SwiftUI Basics";
			productName = "SwiftUI Basics";
			productReference = 282D13CC2C4BA5960014DEFE /* SwiftUI Basics.app */;
			productType = "com.apple.product-type.application";
		};
		282D13DB2C4BA5980014DEFE /* SwiftUI BasicsTests */ = {
			isa = PBXNativeTarget;
			buildConfigurationList = 282D13F32C4BA5980014DEFE /* Build configuration list for PBXNativeTarget "SwiftUI BasicsTests" */;
			buildPhases = (
				282D13D82C4BA5980014DEFE /* Sources */,
				282D13D92C4BA5980014DEFE /* Frameworks */,
				282D13DA2C4BA5980014DEFE /* Resources */,
			);
			buildRules = (
			);
			dependencies = (
				282D13DE2C4BA5980014DEFE /* PBXTargetDependency */,
			);
			name = "SwiftUI BasicsTests";
			productName = "SwiftUI BasicsTests";
			productReference = 282D13DC2C4BA5980014DEFE /* SwiftUI BasicsTests.xctest */;
			productType = "com.apple.product-type.bundle.unit-test";
		};
		282D13E52C4BA5980014DEFE /* SwiftUI BasicsUITests */ = {
			isa = PBXNativeTarget;
			buildConfigurationList = 282D13F62C4BA5980014DEFE /* Build configuration list for PBXNativeTarget "SwiftUI BasicsUITests" */;
			buildPhases = (
				282D13E22C4BA5980014DEFE /* Sources */,
				282D13E32C4BA5980014DEFE /* Frameworks */,
				282D13E42C4BA5980014DEFE /* Resources */,
			);
			buildRules = (
			);
			dependencies = (
				282D13E82C4BA5980014DEFE /* PBXTargetDependency */,
			);
			name = "SwiftUI BasicsUITests";
			productName = "SwiftUI BasicsUITests";
			productReference = 282D13E62C4BA5980014DEFE /* SwiftUI BasicsUITests.xctest */;
			productType = "com.apple.product-type.bundle.ui-testing";
		};
/* End PBXNativeTarget section */

/* Begin PBXProject section */
		282D13C42C4BA5960014DEFE /* Project object */ = {
			isa = PBXProject;
			attributes = {
				BuildIndependentTargetsInParallel = 1;
				LastSwiftUpdateCheck = 1500;
				LastUpgradeCheck = 1500;
				TargetAttributes = {
					282D13CB2C4BA5960014DEFE = {
						CreatedOnToolsVersion = 15.0.1;
					};
					282D13DB2C4BA5980014DEFE = {
						CreatedOnToolsVersion = 15.0.1;
						TestTargetID = 282D13CB2C4BA5960014DEFE;
					};
					282D13E52C4BA5980014DEFE = {
						CreatedOnToolsVersion = 15.0.1;
						TestTargetID = 282D13CB2C4BA5960014DEFE;
					};
				};
			};
			buildConfigurationList = 282D13C72C4BA5960014DEFE /* Build configuration list for PBXProject "SwiftUI Basics" */;
			compatibilityVersion = "Xcode 14.0";
			developmentRegion = en;
			hasScannedForEncodings = 0;
			knownRegions = (
				en,
				Base,
			);
			mainGroup = 282D13C32C4BA5960014DEFE;
			productRefGroup = 282D13CD2C4BA5960014DEFE /* Products */;
			projectDirPath = "";
			projectRoot = "";
			targets = (
				282D13CB2C4BA5960014DEFE /* SwiftUI Basics */,
				282D13DB2C4BA5980014DEFE /* SwiftUI BasicsTests */,
				282D13E52C4BA5980014DEFE /* SwiftUI BasicsUITests */,
			);
		};
/* End PBXProject section */

/* Begin PBXResourcesBuildPhase section */
		282D13CA2C4BA5960014DEFE /* Resources */ = {
			isa = PBXResourcesBuildPhase;
			buildActionMask = 2147483647;
			files = (
				282D13D72C4BA5980014DEFE /* Preview Assets.xcassets in Resources */,
				282D13D42C4BA5980014DEFE /* Assets.xcassets in Resources */,
			);
			runOnlyForDeploymentPostprocessing = 0;
		};
		282D13DA2C4BA5980014DEFE /* Resources */ = {
			isa = PBXResourcesBuildPhase;
			buildActionMask = 2147483647;
			files = (
			);
			runOnlyForDeploymentPostprocessing = 0;
		};
		282D13E42C4BA5980014DEFE /* Resources */ = {
			isa = PBXResourcesBuildPhase;
			buildActionMask = 2147483647;
			files = (
			);
			runOnlyForDeploymentPostprocessing = 0;
		};
/* End PBXResourcesBuildPhase section */

/* Begin PBXSourcesBuildPhase section */
		282D13C82C4BA5960014DEFE /* Sources */ = {
			isa = PBXSourcesBuildPhase;
			buildActionMask = 2147483647;
			files = (
				282D13D22C4BA5960014DEFE /* ContentView.swift in Sources */,
				282D13D02C4BA5960014DEFE /* SwiftUI_BasicsApp.swift in Sources */,
			);
			runOnlyForDeploymentPostprocessing = 0;
		};
		282D13D82C4BA5980014DEFE /* Sources */ = {
			isa = PBXSourcesBuildPhase;
			buildActionMask = 2147483647;
			files = (
				282D13E12C4BA5980014DEFE /* SwiftUI_BasicsTests.swift in Sources */,
			);
			runOnlyForDeploymentPostprocessing = 0;
		};
		282D13E22C4BA5980014DEFE /* Sources */ = {
			isa = PBXSourcesBuildPhase;
			buildActionMask = 2147483647;
			files = (
				282D13EB2C4BA5980014DEFE /* SwiftUI_BasicsUITests.swift in Sources */,
				282D13ED2C4BA5980014DEFE /* SwiftUI_BasicsUITestsLaunchTests.swift in Sources */,
			);
			runOnlyForDeploymentPostprocessing = 0;
		};
/* End PBXSourcesBuildPhase section */

/* Begin PBXTargetDependency section */
		282D13DE2C4BA5980014DEFE /* PBXTargetDependency */ = {
			isa = PBXTargetDependency;
			target = 282D13CB2C4BA5960014DEFE /* SwiftUI Basics */;
			targetProxy = 282D13DD2C4BA5980014DEFE /* PBXContainerItemProxy */;
		};
		282D13E82C4BA5980014DEFE /* PBXTargetDependency */ = {
			isa = PBXTargetDependency;
			target = 282D13CB2C4BA5960014DEFE /* SwiftUI Basics */;
			targetProxy = 282D13E72C4BA5980014DEFE /* PBXContainerItemProxy */;
		};
/* End PBXTargetDependency section */

/* Begin XCBuildConfiguration section */
		282D13EE2C4BA5980014DEFE /* Debug */ = {
			isa = XCBuildConfiguration;
			buildSettings = {
				ALWAYS_SEARCH_USER_PATHS = NO;
				ASSETCATALOG_COMPILER_GENERATE_SWIFT_ASSET_SYMBOL_EXTENSIONS = YES;
				CLANG_ANALYZER_NONNULL = YES;
				CLANG_ANALYZER_NUMBER_OBJECT_CONVERSION = YES_AGGRESSIVE;
				CLANG_CXX_LANGUAGE_STANDARD = "gnu++20";
				CLANG_ENABLE_MODULES = YES;
				CLANG_ENABLE_OBJC_ARC = YES;
				CLANG_ENABLE_OBJC_WEAK = YES;
				CLANG_WARN_BLOCK_CAPTURE_AUTORELEASING = YES;
				CLANG_WARN_BOOL_CONVERSION = YES;
				CLANG_WARN_COMMA = YES;
				CLANG_WARN_CONSTANT_CONVERSION = YES;
				CLANG_WARN_DEPRECATED_OBJC_IMPLEMENTATIONS = YES;
				CLANG_WARN_DIRECT_OBJC_ISA_USAGE = YES_ERROR;
				CLANG_WARN_DOCUMENTATION_COMMENTS = YES;
				CLANG_WARN_EMPTY_BODY = YES;
				CLANG_WARN_ENUM_CONVERSION = YES;
				CLANG_WARN_INFINITE_RECURSION = YES;
				CLANG_WARN_INT_CONVERSION = YES;
				CLANG_WARN_NON_LITERAL_NULL_CONVERSION = YES;
				CLANG_WARN_OBJC_IMPLICIT_RETAIN_SELF = YES;
				CLANG_WARN_OBJC_LITERAL_CONVERSION = YES;
				CLANG_WARN_OBJC_ROOT_CLASS = YES_ERROR;
				CLANG_WARN_QUOTED_INCLUDE_IN_FRAMEWORK_HEADER = YES;
				CLANG_WARN_RANGE_LOOP_ANALYSIS = YES;
				CLANG_WARN_STRICT_PROTOTYPES = YES;
				CLANG_WARN_SUSPICIOUS_MOVE = YES;
				CLANG_WARN_UNGUARDED_AVAILABILITY = YES_AGGRESSIVE;
				CLANG_WARN_UNREACHABLE_CODE = YES;
				CLANG_WARN__DUPLICATE_METHOD_MATCH = YES;
				COPY_PHASE_STRIP = NO;
				DEBUG_INFORMATION_FORMAT = dwarf;
				ENABLE_STRICT_OBJC_MSGSEND = YES;
				ENABLE_TESTABILITY = YES;
				ENABLE_USER_SCRIPT_SANDBOXING = YES;
				GCC_C_LANGUAGE_STANDARD = gnu17;
				GCC_DYNAMIC_NO_PIC = NO;
				GCC_NO_COMMON_BLOCKS = YES;
				GCC_OPTIMIZATION_LEVEL = 0;
				GCC_PREPROCESSOR_DEFINITIONS = (
					"DEBUG=1",
					"$(inherited)",
				);
				GCC_WARN_64_TO_32_BIT_CONVERSION = YES;
				GCC_WARN_ABOUT_RETURN_TYPE = YES_ERROR;
				GCC_WARN_UNDECLARED_SELECTOR = YES;
				GCC_WARN_UNINITIALIZED_AUTOS = YES_AGGRESSIVE;
				GCC_WARN_UNUSED_FUNCTION = YES;
				GCC_WARN_UNUSED_VARIABLE = YES;
				IPHONEOS_DEPLOYMENT_TARGET = 17.0;
				LOCALIZATION_PREFERS_STRING_CATALOGS = YES;
				MTL_ENABLE_DEBUG_INFO = INCLUDE_SOURCE;
				MTL_FAST_MATH = YES;
				ONLY_ACTIVE_ARCH = YES;
				SDKROOT = iphoneos;
				SWIFT_ACTIVE_COMPILATION_CONDITIONS = "DEBUG $(inherited)";
				SWIFT_OPTIMIZATION_LEVEL = "-Onone";
			};
			name = Debug;
		};
		282D13EF2C4BA5980014DEFE /* Release */ = {
			isa = XCBuildConfiguration;
			buildSettings = {
				ALWAYS_SEARCH_USER_PATHS = NO;
				ASSETCATALOG_COMPILER_GENERATE_SWIFT_ASSET_SYMBOL_EXTENSIONS = YES;
				CLANG_ANALYZER_NONNULL = YES;
				CLANG_ANALYZER_NUMBER_OBJECT_CONVERSION = YES_AGGRESSIVE;
				CLANG_CXX_LANGUAGE_STANDARD = "gnu++20";
				CLANG_ENABLE_MODULES = YES;
				CLANG_ENABLE_OBJC_ARC = YES;
				CLANG_ENABLE_OBJC_WEAK = YES;
				CLANG_WARN_BLOCK_CAPTURE_AUTORELEASING = YES;
				CLANG_WARN_BOOL_CONVERSION = YES;
				CLANG_WARN_COMMA = YES;
				CLANG_WARN_CONSTANT_CONVERSION = YES;
				CLANG_WARN_DEPRECATED_OBJC_IMPLEMENTATIONS = YES;
				CLANG_WARN_DIRECT_OBJC_ISA_USAGE = YES_ERROR;
				CLANG_WARN_DOCUMENTATION_COMMENTS = YES;
				CLANG_WARN_EMPTY_BODY = YES;
				CLANG_WARN_ENUM_CONVERSION = YES;
				CLANG_WARN_INFINITE_RECURSION = YES;
				CLANG_WARN_INT_CONVERSION = YES;
				CLANG_WARN_NON_LITERAL_NULL_CONVERSION = YES;
				CLANG_WARN_OBJC_IMPLICIT_RETAIN_SELF = YES;
				CLANG_WARN_OBJC_LITERAL_CONVERSION = YES;
				CLANG_WARN_OBJC_ROOT_CLASS = YES_ERROR;
				CLANG_WARN_QUOTED_INCLUDE_IN_FRAMEWORK_HEADER = YES;
				CLANG_WARN_RANGE_LOOP_ANALYSIS = YES;
				CLANG_WARN_STRICT_PROTOTYPES = YES;
				CLANG_WARN_SUSPICIOUS_MOVE = YES;
				CLANG_WARN_UNGUARDED_AVAILABILITY = YES_AGGRESSIVE;
				CLANG_WARN_UNREACHABLE_CODE = YES;
				CLANG_WARN__DUPLICATE_METHOD_MATCH = YES;
				COPY_PHASE_STRIP = NO;
				DEBUG_INFORMATION_FORMAT = "dwarf-with-dsym";
				ENABLE_NS_ASSERTIONS = NO;
				ENABLE_STRICT_OBJC_MSGSEND = YES;
				ENABLE_USER_SCRIPT_SANDBOXING = YES;
				GCC_C_LANGUAGE_STANDARD = gnu17;
				GCC_NO_COMMON_BLOCKS = YES;
				GCC_WARN_64_TO_32_BIT_CONVERSION = YES;
				GCC_WARN_ABOUT_RETURN_TYPE = YES_ERROR;
				GCC_WARN_UNDECLARED_SELECTOR = YES;
				GCC_WARN_UNINITIALIZED_AUTOS = YES_AGGRESSIVE;
				GCC_WARN_UNUSED_FUNCTION = YES;
				GCC_WARN_UNUSED_VARIABLE = YES;
				IPHONEOS_DEPLOYMENT_TARGET = 17.0;
				LOCALIZATION_PREFERS_STRING_CATALOGS = YES;
				MTL_ENABLE_DEBUG_INFO = NO;
				MTL_FAST_MATH = YES;
				SDKROOT = iphoneos;
				SWIFT_COMPILATION_MODE = wholemodule;
				VALIDATE_PRODUCT = YES;
			};
			name = Release;
		};
		282D13F12C4BA5980014DEFE /* Debug */ = {
			isa = XCBuildConfiguration;
			buildSettings = {
				ASSETCATALOG_COMPILER_APPICON_NAME = AppIcon;
				ASSETCATALOG_COMPILER_GLOBAL_ACCENT_COLOR_NAME = AccentColor;
				CODE_SIGN_STYLE = Automatic;
				CURRENT_PROJECT_VERSION = 1;
				DEVELOPMENT_ASSET_PATHS = "\"SwiftUI Basics/Preview Content\"";
				DEVELOPMENT_TEAM = EKLMW4PJ2F;
				ENABLE_PREVIEWS = YES;
				GENERATE_INFOPLIST_FILE = YES;
				INFOPLIST_KEY_UIApplicationSceneManifest_Generation = YES;
				INFOPLIST_KEY_UIApplicationSupportsIndirectInputEvents = YES;
				INFOPLIST_KEY_UILaunchScreen_Generation = YES;
				INFOPLIST_KEY_UISupportedInterfaceOrientations_iPad = "UIInterfaceOrientationPortrait UIInterfaceOrientationPortraitUpsideDown UIInterfaceOrientationLandscapeLeft UIInterfaceOrientationLandscapeRight";
				INFOPLIST_KEY_UISupportedInterfaceOrientations_iPhone = "UIInterfaceOrientationPortrait UIInterfaceOrientationLandscapeLeft UIInterfaceOrientationLandscapeRight";
				LD_RUNPATH_SEARCH_PATHS = (
					"$(inherited)",
					"@executable_path/Frameworks",
				);
				MARKETING_VERSION = 1.0;
				PRODUCT_BUNDLE_IDENTIFIER = "com.chaitanyasoni.SwiftUI-Basics";
				PRODUCT_NAME = "$(TARGET_NAME)";
				SWIFT_EMIT_LOC_STRINGS = YES;
				SWIFT_VERSION = 5.0;
				TARGETED_DEVICE_FAMILY = "1,2";
			};
			name = Debug;
		};
		282D13F22C4BA5980014DEFE /* Release */ = {
			isa = XCBuildConfiguration;
			buildSettings = {
				ASSETCATALOG_COMPILER_APPICON_NAME = AppIcon;
				ASSETCATALOG_COMPILER_GLOBAL_ACCENT_COLOR_NAME = AccentColor;
				CODE_SIGN_STYLE = Automatic;
				CURRENT_PROJECT_VERSION = 1;
				DEVELOPMENT_ASSET_PATHS = "\"SwiftUI Basics/Preview Content\"";
				DEVELOPMENT_TEAM = EKLMW4PJ2F;
				ENABLE_PREVIEWS = YES;
				GENERATE_INFOPLIST_FILE = YES;
				INFOPLIST_KEY_UIApplicationSceneManifest_Generation = YES;
				INFOPLIST_KEY_UIApplicationSupportsIndirectInputEvents = YES;
				INFOPLIST_KEY_UILaunchScreen_Generation = YES;
				INFOPLIST_KEY_UISupportedInterfaceOrientations_iPad = "UIInterfaceOrientationPortrait UIInterfaceOrientationPortraitUpsideDown UIInterfaceOrientationLandscapeLeft UIInterfaceOrientationLandscapeRight";
				INFOPLIST_KEY_UISupportedInterfaceOrientations_iPhone = "UIInterfaceOrientationPortrait UIInterfaceOrientationLandscapeLeft UIInterfaceOrientationLandscapeRight";
				LD_RUNPATH_SEARCH_PATHS = (
					"$(inherited)",
					"@executable_path/Frameworks",
				);
				MARKETING_VERSION = 1.0;
				PRODUCT_BUNDLE_IDENTIFIER = "com.chaitanyasoni.SwiftUI-Basics";
				PRODUCT_NAME = "$(TARGET_NAME)";
				SWIFT_EMIT_LOC_STRINGS = YES;
				SWIFT_VERSION = 5.0;
				TARGETED_DEVICE_FAMILY = "1,2";
			};
			name = Release;
		};
		282D13F42C4BA5980014DEFE /* Debug */ = {
			isa = XCBuildConfiguration;
			buildSettings = {
				ALWAYS_EMBED_SWIFT_STANDARD_LIBRARIES = YES;
				BUNDLE_LOADER = "$(TEST_HOST)";
				CODE_SIGN_STYLE = Automatic;
				CURRENT_PROJECT_VERSION = 1;
				GENERATE_INFOPLIST_FILE = YES;
				IPHONEOS_DEPLOYMENT_TARGET = 17.0;
				MARKETING_VERSION = 1.0;
				PRODUCT_BUNDLE_IDENTIFIER = "com.chaitanyasoni.SwiftUI-BasicsTests";
				PRODUCT_NAME = "$(TARGET_NAME)";
				SWIFT_EMIT_LOC_STRINGS = NO;
				SWIFT_VERSION = 5.0;
				TARGETED_DEVICE_FAMILY = "1,2";
				TEST_HOST = "$(BUILT_PRODUCTS_DIR)/SwiftUI Basics.app/$(BUNDLE_EXECUTABLE_FOLDER_PATH)/SwiftUI Basics";
			};
			name = Debug;
		};
		282D13F52C4BA5980014DEFE /* Release */ = {
			isa = XCBuildConfiguration;
			buildSettings = {
				ALWAYS_EMBED_SWIFT_STANDARD_LIBRARIES = YES;
				BUNDLE_LOADER = "$(TEST_HOST)";
				CODE_SIGN_STYLE = Automatic;
				CURRENT_PROJECT_VERSION = 1;
				GENERATE_INFOPLIST_FILE = YES;
				IPHONEOS_DEPLOYMENT_TARGET = 17.0;
				MARKETING_VERSION = 1.0;
				PRODUCT_BUNDLE_IDENTIFIER = "com.chaitanyasoni.SwiftUI-BasicsTests";
				PRODUCT_NAME = "$(TARGET_NAME)";
				SWIFT_EMIT_LOC_STRINGS = NO;
				SWIFT_VERSION = 5.0;
				TARGETED_DEVICE_FAMILY = "1,2";
				TEST_HOST = "$(BUILT_PRODUCTS_DIR)/SwiftUI Basics.app/$(BUNDLE_EXECUTABLE_FOLDER_PATH)/SwiftUI Basics";
			};
			name = Release;
		};
		282D13F72C4BA5980014DEFE /* Debug */ = {
			isa = XCBuildConfiguration;
			buildSettings = {
				ALWAYS_EMBED_SWIFT_STANDARD_LIBRARIES = YES;
				CODE_SIGN_STYLE = Automatic;
				CURRENT_PROJECT_VERSION = 1;
				GENERATE_INFOPLIST_FILE = YES;
				MARKETING_VERSION = 1.0;
				PRODUCT_BUNDLE_IDENTIFIER = "com.chaitanyasoni.SwiftUI-BasicsUITests";
				PRODUCT_NAME = "$(TARGET_NAME)";
				SWIFT_EMIT_LOC_STRINGS = NO;
				SWIFT_VERSION = 5.0;
				TARGETED_DEVICE_FAMILY = "1,2";
				TEST_TARGET_NAME = "SwiftUI Basics";
			};
			name = Debug;
		};
		282D13F82C4BA5980014DEFE /* Release */ = {
			isa = XCBuildConfiguration;
			buildSettings = {
				ALWAYS_EMBED_SWIFT_STANDARD_LIBRARIES = YES;
				CODE_SIGN_STYLE = Automatic;
				CURRENT_PROJECT_VERSION = 1;
				GENERATE_INFOPLIST_FILE = YES;
				MARKETING_VERSION = 1.0;
				PRODUCT_BUNDLE_IDENTIFIER = "com.chaitanyasoni.SwiftUI-BasicsUITests";
				PRODUCT_NAME = "$(TARGET_NAME)";
				SWIFT_EMIT_LOC_STRINGS = NO;
				SWIFT_VERSION = 5.0;
				TARGETED_DEVICE_FAMILY = "1,2";
				TEST_TARGET_NAME = "SwiftUI Basics";
			};
			name = Release;
		};
/* End XCBuildConfiguration section */

/* Begin XCConfigurationList section */
		282D13C72C4BA5960014DEFE /* Build configuration list for PBXProject "SwiftUI Basics" */ = {
			isa = XCConfigurationList;
			buildConfigurations = (
				282D13EE2C4BA5980014DEFE /* Debug */,
				282D13EF2C4BA5980014DEFE /* Release */,
			);
			defaultConfigurationIsVisible = 0;
			defaultConfigurationName = Release;
		};
		282D13F02C4BA5980014DEFE /* Build configuration list for PBXNativeTarget "SwiftUI Basics" */ = {
			isa = XCConfigurationList;
			buildConfigurations = (
				282D13F12C4BA5980014DEFE /* Debug */,
				282D13F22C4BA5980014DEFE /* Release */,
			);
			defaultConfigurationIsVisible = 0;
			defaultConfigurationName = Release;
		};
		282D13F32C4BA5980014DEFE /* Build configuration list for PBXNativeTarget "SwiftUI BasicsTests" */ = {
			isa = XCConfigurationList;
			buildConfigurations = (
				282D13F42C4BA5980014DEFE /* Debug */,
				282D13F52C4BA5980014DEFE /* Release */,
			);
			defaultConfigurationIsVisible = 0;
			defaultConfigurationName = Release;
		};
		282D13F62C4BA5980014DEFE /* Build configuration list for PBXNativeTarget "SwiftUI BasicsUITests" */ = {
			isa = XCConfigurationList;
			buildConfigurations = (
				282D13F72C4BA5980014DEFE /* Debug */,
				282D13F82C4BA5980014DEFE /* Release */,
			);
			defaultConfigurationIsVisible = 0;
			defaultConfigurationName = Release;
		};
/* End XCConfigurationList section */
	};
	rootObject = 282D13C42C4BA5960014DEFE /* Project object */;
}
