// !$*UTF8*$!
{
	archiveVersion = 1;
	classes = {
	};
	objectVersion = 56;
	objects = {

/* Begin PBXBuildFile section */
		287EC51E2C0C444300C489C9 /* AppDelegate.swift in Sources */ = {isa = PBXBuildFile; fileRef = 287EC51D2C0C444300C489C9 /* AppDelegate.swift */; };
		287EC5202C0C444300C489C9 /* SceneDelegate.swift in Sources */ = {isa = PBXBuildFile; fileRef = 287EC51F2C0C444300C489C9 /* SceneDelegate.swift */; };
		287EC5222C0C444300C489C9 /* ViewController.swift in Sources */ = {isa = PBXBuildFile; fileRef = 287EC5212C0C444300C489C9 /* ViewController.swift */; };
		287EC5252C0C444300C489C9 /* Main.storyboard in Resources */ = {isa = PBXBuildFile; fileRef = 287EC5232C0C444300C489C9 /* Main.storyboard */; };
		287EC5282C0C444300C489C9 /* ImagePicker.xcdatamodeld in Sources */ = {isa = PBXBuildFile; fileRef = 287EC5262C0C444300C489C9 /* ImagePicker.xcdatamodeld */; };
		287EC52A2C0C444500C489C9 /* Assets.xcassets in Resources */ = {isa = PBXBuildFile; fileRef = 287EC5292C0C444500C489C9 /* Assets.xcassets */; };
		287EC52D2C0C444500C489C9 /* LaunchScreen.storyboard in Resources */ = {isa = PBXBuildFile; fileRef = 287EC52B2C0C444500C489C9 /* LaunchScreen.storyboard */; };
		287EC5382C0C444500C489C9 /* ImagePickerTests.swift in Sources */ = {isa = PBXBuildFile; fileRef = 287EC5372C0C444500C489C9 /* ImagePickerTests.swift */; };
		287EC5422C0C444600C489C9 /* ImagePickerUITests.swift in Sources */ = {isa = PBXBuildFile; fileRef = 287EC5412C0C444600C489C9 /* ImagePickerUITests.swift */; };
		287EC5442C0C444600C489C9 /* ImagePickerUITestsLaunchTests.swift in Sources */ = {isa = PBXBuildFile; fileRef = 287EC5432C0C444600C489C9 /* ImagePickerUITestsLaunchTests.swift */; };
/* End PBXBuildFile section */

/* Begin PBXContainerItemProxy section */
		287EC5342C0C444500C489C9 /* PBXContainerItemProxy */ = {
			isa = PBXContainerItemProxy;
			containerPortal = 287EC5122C0C444300C489C9 /* Project object */;
			proxyType = 1;
			remoteGlobalIDString = 287EC5192C0C444300C489C9;
			remoteInfo = ImagePicker;
		};
		287EC53E2C0C444600C489C9 /* PBXContainerItemProxy */ = {
			isa = PBXContainerItemProxy;
			containerPortal = 287EC5122C0C444300C489C9 /* Project object */;
			proxyType = 1;
			remoteGlobalIDString = 287EC5192C0C444300C489C9;
			remoteInfo = ImagePicker;
		};
/* End PBXContainerItemProxy section */

/* Begin PBXFileReference section */
		287EC51A2C0C444300C489C9 /* ImagePicker.app */ = {isa = PBXFileReference; explicitFileType = wrapper.application; includeInIndex = 0; path = ImagePicker.app; sourceTree = BUILT_PRODUCTS_DIR; };
		287EC51D2C0C444300C489C9 /* AppDelegate.swift */ = {isa = PBXFileReference; lastKnownFileType = sourcecode.swift; path = AppDelegate.swift; sourceTree = "<group>"; };
		287EC51F2C0C444300C489C9 /* SceneDelegate.swift */ = {isa = PBXFileReference; lastKnownFileType = sourcecode.swift; path = SceneDelegate.swift; sourceTree = "<group>"; };
		287EC5212C0C444300C489C9 /* ViewController.swift */ = {isa = PBXFileReference; lastKnownFileType = sourcecode.swift; path = ViewController.swift; sourceTree = "<group>"; };
		287EC5242C0C444300C489C9 /* Base */ = {isa = PBXFileReference; lastKnownFileType = file.storyboard; name = Base; path = Base.lproj/Main.storyboard; sourceTree = "<group>"; };
		287EC5272C0C444300C489C9 /* ImagePicker.xcdatamodel */ = {isa = PBXFileReference; lastKnownFileType = wrapper.xcdatamodel; path = ImagePicker.xcdatamodel; sourceTree = "<group>"; };
		287EC5292C0C444500C489C9 /* Assets.xcassets */ = {isa = PBXFileReference; lastKnownFileType = folder.assetcatalog; path = Assets.xcassets; sourceTree = "<group>"; };
		287EC52C2C0C444500C489C9 /* Base */ = {isa = PBXFileReference; lastKnownFileType = file.storyboard; name = Base; path = Base.lproj/LaunchScreen.storyboard; sourceTree = "<group>"; };
		287EC52E2C0C444500C489C9 /* Info.plist */ = {isa = PBXFileReference; lastKnownFileType = text.plist.xml; path = Info.plist; sourceTree = "<group>"; };
		287EC5332C0C444500C489C9 /* ImagePickerTests.xctest */ = {isa = PBXFileReference; explicitFileType = wrapper.cfbundle; includeInIndex = 0; path = ImagePickerTests.xctest; sourceTree = BUILT_PRODUCTS_DIR; };
		287EC5372C0C444500C489C9 /* ImagePickerTests.swift */ = {isa = PBXFileReference; lastKnownFileType = sourcecode.swift; path = ImagePickerTests.swift; sourceTree = "<group>"; };
		287EC53D2C0C444600C489C9 /* ImagePickerUITests.xctest */ = {isa = PBXFileReference; explicitFileType = wrapper.cfbundle; includeInIndex = 0; path = ImagePickerUITests.xctest; sourceTree = BUILT_PRODUCTS_DIR; };
		287EC5412C0C444600C489C9 /* ImagePickerUITests.swift */ = {isa = PBXFileReference; lastKnownFileType = sourcecode.swift; path = ImagePickerUITests.swift; sourceTree = "<group>"; };
		287EC5432C0C444600C489C9 /* ImagePickerUITestsLaunchTests.swift */ = {isa = PBXFileReference; lastKnownFileType = sourcecode.swift; path = ImagePickerUITestsLaunchTests.swift; sourceTree = "<group>"; };
/* End PBXFileReference section */

/* Begin PBXFrameworksBuildPhase section */
		287EC5172C0C444300C489C9 /* Frameworks */ = {
			isa = PBXFrameworksBuildPhase;
			buildActionMask = 2147483647;
			files = (
			);
			runOnlyForDeploymentPostprocessing = 0;
		};
		287EC5302C0C444500C489C9 /* Frameworks */ = {
			isa = PBXFrameworksBuildPhase;
			buildActionMask = 2147483647;
			files = (
			);
			runOnlyForDeploymentPostprocessing = 0;
		};
		287EC53A2C0C444600C489C9 /* Frameworks */ = {
			isa = PBXFrameworksBuildPhase;
			buildActionMask = 2147483647;
			files = (
			);
			runOnlyForDeploymentPostprocessing = 0;
		};
/* End PBXFrameworksBuildPhase section */

/* Begin PBXGroup section */
		287EC5112C0C444300C489C9 = {
			isa = PBXGroup;
			children = (
				287EC51C2C0C444300C489C9 /* ImagePicker */,
				287EC5362C0C444500C489C9 /* ImagePickerTests */,
				287EC5402C0C444600C489C9 /* ImagePickerUITests */,
				287EC51B2C0C444300C489C9 /* Products */,
			);
			sourceTree = "<group>";
		};
		287EC51B2C0C444300C489C9 /* Products */ = {
			isa = PBXGroup;
			children = (
				287EC51A2C0C444300C489C9 /* ImagePicker.app */,
				287EC5332C0C444500C489C9 /* ImagePickerTests.xctest */,
				287EC53D2C0C444600C489C9 /* ImagePickerUITests.xctest */,
			);
			name = Products;
			sourceTree = "<group>";
		};
		287EC51C2C0C444300C489C9 /* ImagePicker */ = {
			isa = PBXGroup;
			children = (
				287EC51D2C0C444300C489C9 /* AppDelegate.swift */,
				287EC51F2C0C444300C489C9 /* SceneDelegate.swift */,
				287EC5212C0C444300C489C9 /* ViewController.swift */,
				287EC5232C0C444300C489C9 /* Main.storyboard */,
				287EC5292C0C444500C489C9 /* Assets.xcassets */,
				287EC52B2C0C444500C489C9 /* LaunchScreen.storyboard */,
				287EC52E2C0C444500C489C9 /* Info.plist */,
				287EC5262C0C444300C489C9 /* ImagePicker.xcdatamodeld */,
			);
			path = ImagePicker;
			sourceTree = "<group>";
		};
		287EC5362C0C444500C489C9 /* ImagePickerTests */ = {
			isa = PBXGroup;
			children = (
				287EC5372C0C444500C489C9 /* ImagePickerTests.swift */,
			);
			path = ImagePickerTests;
			sourceTree = "<group>";
		};
		287EC5402C0C444600C489C9 /* ImagePickerUITests */ = {
			isa = PBXGroup;
			children = (
				287EC5412C0C444600C489C9 /* ImagePickerUITests.swift */,
				287EC5432C0C444600C489C9 /* ImagePickerUITestsLaunchTests.swift */,
			);
			path = ImagePickerUITests;
			sourceTree = "<group>";
		};
/* End PBXGroup section */

/* Begin PBXNativeTarget section */
		287EC5192C0C444300C489C9 /* ImagePicker */ = {
			isa = PBXNativeTarget;
			buildConfigurationList = 287EC5472C0C444600C489C9 /* Build configuration list for PBXNativeTarget "ImagePicker" */;
			buildPhases = (
				287EC5162C0C444300C489C9 /* Sources */,
				287EC5172C0C444300C489C9 /* Frameworks */,
				287EC5182C0C444300C489C9 /* Resources */,
			);
			buildRules = (
			);
			dependencies = (
			);
			name = ImagePicker;
			productName = ImagePicker;
			productReference = 287EC51A2C0C444300C489C9 /* ImagePicker.app */;
			productType = "com.apple.product-type.application";
		};
		287EC5322C0C444500C489C9 /* ImagePickerTests */ = {
			isa = PBXNativeTarget;
			buildConfigurationList = 287EC54A2C0C444600C489C9 /* Build configuration list for PBXNativeTarget "ImagePickerTests" */;
			buildPhases = (
				287EC52F2C0C444500C489C9 /* Sources */,
				287EC5302C0C444500C489C9 /* Frameworks */,
				287EC5312C0C444500C489C9 /* Resources */,
			);
			buildRules = (
			);
			dependencies = (
				287EC5352C0C444500C489C9 /* PBXTargetDependency */,
			);
			name = ImagePickerTests;
			productName = ImagePickerTests;
			productReference = 287EC5332C0C444500C489C9 /* ImagePickerTests.xctest */;
			productType = "com.apple.product-type.bundle.unit-test";
		};
		287EC53C2C0C444600C489C9 /* ImagePickerUITests */ = {
			isa = PBXNativeTarget;
			buildConfigurationList = 287EC54D2C0C444600C489C9 /* Build configuration list for PBXNativeTarget "ImagePickerUITests" */;
			buildPhases = (
				287EC5392C0C444600C489C9 /* Sources */,
				287EC53A2C0C444600C489C9 /* Frameworks */,
				287EC53B2C0C444600C489C9 /* Resources */,
			);
			buildRules = (
			);
			dependencies = (
				287EC53F2C0C444600C489C9 /* PBXTargetDependency */,
			);
			name = ImagePickerUITests;
			productName = ImagePickerUITests;
			productReference = 287EC53D2C0C444600C489C9 /* ImagePickerUITests.xctest */;
			productType = "com.apple.product-type.bundle.ui-testing";
		};
/* End PBXNativeTarget section */

/* Begin PBXProject section */
		287EC5122C0C444300C489C9 /* Project object */ = {
			isa = PBXProject;
			attributes = {
				BuildIndependentTargetsInParallel = 1;
				LastSwiftUpdateCheck = 1500;
				LastUpgradeCheck = 1500;
				TargetAttributes = {
					287EC5192C0C444300C489C9 = {
						CreatedOnToolsVersion = 15.0.1;
					};
					287EC5322C0C444500C489C9 = {
						CreatedOnToolsVersion = 15.0.1;
						TestTargetID = 287EC5192C0C444300C489C9;
					};
					287EC53C2C0C444600C489C9 = {
						CreatedOnToolsVersion = 15.0.1;
						TestTargetID = 287EC5192C0C444300C489C9;
					};
				};
			};
			buildConfigurationList = 287EC5152C0C444300C489C9 /* Build configuration list for PBXProject "ImagePicker" */;
			compatibilityVersion = "Xcode 14.0";
			developmentRegion = en;
			hasScannedForEncodings = 0;
			knownRegions = (
				en,
				Base,
			);
			mainGroup = 287EC5112C0C444300C489C9;
			productRefGroup = 287EC51B2C0C444300C489C9 /* Products */;
			projectDirPath = "";
			projectRoot = "";
			targets = (
				287EC5192C0C444300C489C9 /* ImagePicker */,
				287EC5322C0C444500C489C9 /* ImagePickerTests */,
				287EC53C2C0C444600C489C9 /* ImagePickerUITests */,
			);
		};
/* End PBXProject section */

/* Begin PBXResourcesBuildPhase section */
		287EC5182C0C444300C489C9 /* Resources */ = {
			isa = PBXResourcesBuildPhase;
			buildActionMask = 2147483647;
			files = (
				287EC52D2C0C444500C489C9 /* LaunchScreen.storyboard in Resources */,
				287EC52A2C0C444500C489C9 /* Assets.xcassets in Resources */,
				287EC5252C0C444300C489C9 /* Main.storyboard in Resources */,
			);
			runOnlyForDeploymentPostprocessing = 0;
		};
		287EC5312C0C444500C489C9 /* Resources */ = {
			isa = PBXResourcesBuildPhase;
			buildActionMask = 2147483647;
			files = (
			);
			runOnlyForDeploymentPostprocessing = 0;
		};
		287EC53B2C0C444600C489C9 /* Resources */ = {
			isa = PBXResourcesBuildPhase;
			buildActionMask = 2147483647;
			files = (
			);
			runOnlyForDeploymentPostprocessing = 0;
		};
/* End PBXResourcesBuildPhase section */

/* Begin PBXSourcesBuildPhase section */
		287EC5162C0C444300C489C9 /* Sources */ = {
			isa = PBXSourcesBuildPhase;
			buildActionMask = 2147483647;
			files = (
				287EC5222C0C444300C489C9 /* ViewController.swift in Sources */,
				287EC5282C0C444300C489C9 /* ImagePicker.xcdatamodeld in Sources */,
				287EC51E2C0C444300C489C9 /* AppDelegate.swift in Sources */,
				287EC5202C0C444300C489C9 /* SceneDelegate.swift in Sources */,
			);
			runOnlyForDeploymentPostprocessing = 0;
		};
		287EC52F2C0C444500C489C9 /* Sources */ = {
			isa = PBXSourcesBuildPhase;
			buildActionMask = 2147483647;
			files = (
				287EC5382C0C444500C489C9 /* ImagePickerTests.swift in Sources */,
			);
			runOnlyForDeploymentPostprocessing = 0;
		};
		287EC5392C0C444600C489C9 /* Sources */ = {
			isa = PBXSourcesBuildPhase;
			buildActionMask = 2147483647;
			files = (
				287EC5442C0C444600C489C9 /* ImagePickerUITestsLaunchTests.swift in Sources */,
				287EC5422C0C444600C489C9 /* ImagePickerUITests.swift in Sources */,
			);
			runOnlyForDeploymentPostprocessing = 0;
		};
/* End PBXSourcesBuildPhase section */

/* Begin PBXTargetDependency section */
		287EC5352C0C444500C489C9 /* PBXTargetDependency */ = {
			isa = PBXTargetDependency;
			target = 287EC5192C0C444300C489C9 /* ImagePicker */;
			targetProxy = 287EC5342C0C444500C489C9 /* PBXContainerItemProxy */;
		};
		287EC53F2C0C444600C489C9 /* PBXTargetDependency */ = {
			isa = PBXTargetDependency;
			target = 287EC5192C0C444300C489C9 /* ImagePicker */;
			targetProxy = 287EC53E2C0C444600C489C9 /* PBXContainerItemProxy */;
		};
/* End PBXTargetDependency section */

/* Begin PBXVariantGroup section */
		287EC5232C0C444300C489C9 /* Main.storyboard */ = {
			isa = PBXVariantGroup;
			children = (
				287EC5242C0C444300C489C9 /* Base */,
			);
			name = Main.storyboard;
			sourceTree = "<group>";
		};
		287EC52B2C0C444500C489C9 /* LaunchScreen.storyboard */ = {
			isa = PBXVariantGroup;
			children = (
				287EC52C2C0C444500C489C9 /* Base */,
			);
			name = LaunchScreen.storyboard;
			sourceTree = "<group>";
		};
/* End PBXVariantGroup section */

/* Begin XCBuildConfiguration section */
		287EC5452C0C444600C489C9 /* Debug */ = {
			isa = XCBuildConfiguration;
			buildSettings = {
				ALWAYS_SEARCH_USER_PATHS = NO;
				ASSETCATALOG_COMPILER_GENERATE_SWIFT_ASSET_SYMBOL_EXTENSIONS = YES;
				CLANG_ANALYZER_NONNULL = YES;
				CLANG_ANALYZER_NUMBER_OBJECT_CONVERSION = YES_AGGRESSIVE;
				CLANG_CXX_LANGUAGE_STANDARD = "gnu++20";
				CLANG_ENABLE_MODULES = YES;
				CLANG_ENABLE_OBJC_ARC = YES;
				CLANG_ENABLE_OBJC_WEAK = YES;
				CLANG_WARN_BLOCK_CAPTURE_AUTORELEASING = YES;
				CLANG_WARN_BOOL_CONVERSION = YES;
				CLANG_WARN_COMMA = YES;
				CLANG_WARN_CONSTANT_CONVERSION = YES;
				CLANG_WARN_DEPRECATED_OBJC_IMPLEMENTATIONS = YES;
				CLANG_WARN_DIRECT_OBJC_ISA_USAGE = YES_ERROR;
				CLANG_WARN_DOCUMENTATION_COMMENTS = YES;
				CLANG_WARN_EMPTY_BODY = YES;
				CLANG_WARN_ENUM_CONVERSION = YES;
				CLANG_WARN_INFINITE_RECURSION = YES;
				CLANG_WARN_INT_CONVERSION = YES;
				CLANG_WARN_NON_LITERAL_NULL_CONVERSION = YES;
				CLANG_WARN_OBJC_IMPLICIT_RETAIN_SELF = YES;
				CLANG_WARN_OBJC_LITERAL_CONVERSION = YES;
				CLANG_WARN_OBJC_ROOT_CLASS = YES_ERROR;
				CLANG_WARN_QUOTED_INCLUDE_IN_FRAMEWORK_HEADER = YES;
				CLANG_WARN_RANGE_LOOP_ANALYSIS = YES;
				CLANG_WARN_STRICT_PROTOTYPES = YES;
				CLANG_WARN_SUSPICIOUS_MOVE = YES;
				CLANG_WARN_UNGUARDED_AVAILABILITY = YES_AGGRESSIVE;
				CLANG_WARN_UNREACHABLE_CODE = YES;
				CLANG_WARN__DUPLICATE_METHOD_MATCH = YES;
				COPY_PHASE_STRIP = NO;
				DEBUG_INFORMATION_FORMAT = dwarf;
				ENABLE_STRICT_OBJC_MSGSEND = YES;
				ENABLE_TESTABILITY = YES;
				ENABLE_USER_SCRIPT_SANDBOXING = YES;
				GCC_C_LANGUAGE_STANDARD = gnu17;
				GCC_DYNAMIC_NO_PIC = NO;
				GCC_NO_COMMON_BLOCKS = YES;
				GCC_OPTIMIZATION_LEVEL = 0;
				GCC_PREPROCESSOR_DEFINITIONS = (
					"DEBUG=1",
					"$(inherited)",
				);
				GCC_WARN_64_TO_32_BIT_CONVERSION = YES;
				GCC_WARN_ABOUT_RETURN_TYPE = YES_ERROR;
				GCC_WARN_UNDECLARED_SELECTOR = YES;
				GCC_WARN_UNINITIALIZED_AUTOS = YES_AGGRESSIVE;
				GCC_WARN_UNUSED_FUNCTION = YES;
				GCC_WARN_UNUSED_VARIABLE = YES;
				IPHONEOS_DEPLOYMENT_TARGET = 17.0;
				LOCALIZATION_PREFERS_STRING_CATALOGS = YES;
				MTL_ENABLE_DEBUG_INFO = INCLUDE_SOURCE;
				MTL_FAST_MATH = YES;
				ONLY_ACTIVE_ARCH = YES;
				SDKROOT = iphoneos;
				SWIFT_ACTIVE_COMPILATION_CONDITIONS = "DEBUG $(inherited)";
				SWIFT_OPTIMIZATION_LEVEL = "-Onone";
			};
			name = Debug;
		};
		287EC5462C0C444600C489C9 /* Release */ = {
			isa = XCBuildConfiguration;
			buildSettings = {
				ALWAYS_SEARCH_USER_PATHS = NO;
				ASSETCATALOG_COMPILER_GENERATE_SWIFT_ASSET_SYMBOL_EXTENSIONS = YES;
				CLANG_ANALYZER_NONNULL = YES;
				CLANG_ANALYZER_NUMBER_OBJECT_CONVERSION = YES_AGGRESSIVE;
				CLANG_CXX_LANGUAGE_STANDARD = "gnu++20";
				CLANG_ENABLE_MODULES = YES;
				CLANG_ENABLE_OBJC_ARC = YES;
				CLANG_ENABLE_OBJC_WEAK = YES;
				CLANG_WARN_BLOCK_CAPTURE_AUTORELEASING = YES;
				CLANG_WARN_BOOL_CONVERSION = YES;
				CLANG_WARN_COMMA = YES;
				CLANG_WARN_CONSTANT_CONVERSION = YES;
				CLANG_WARN_DEPRECATED_OBJC_IMPLEMENTATIONS = YES;
				CLANG_WARN_DIRECT_OBJC_ISA_USAGE = YES_ERROR;
				CLANG_WARN_DOCUMENTATION_COMMENTS = YES;
				CLANG_WARN_EMPTY_BODY = YES;
				CLANG_WARN_ENUM_CONVERSION = YES;
				CLANG_WARN_INFINITE_RECURSION = YES;
				CLANG_WARN_INT_CONVERSION = YES;
				CLANG_WARN_NON_LITERAL_NULL_CONVERSION = YES;
				CLANG_WARN_OBJC_IMPLICIT_RETAIN_SELF = YES;
				CLANG_WARN_OBJC_LITERAL_CONVERSION = YES;
				CLANG_WARN_OBJC_ROOT_CLASS = YES_ERROR;
				CLANG_WARN_QUOTED_INCLUDE_IN_FRAMEWORK_HEADER = YES;
				CLANG_WARN_RANGE_LOOP_ANALYSIS = YES;
				CLANG_WARN_STRICT_PROTOTYPES = YES;
				CLANG_WARN_SUSPICIOUS_MOVE = YES;
				CLANG_WARN_UNGUARDED_AVAILABILITY = YES_AGGRESSIVE;
				CLANG_WARN_UNREACHABLE_CODE = YES;
				CLANG_WARN__DUPLICATE_METHOD_MATCH = YES;
				COPY_PHASE_STRIP = NO;
				DEBUG_INFORMATION_FORMAT = "dwarf-with-dsym";
				ENABLE_NS_ASSERTIONS = NO;
				ENABLE_STRICT_OBJC_MSGSEND = YES;
				ENABLE_USER_SCRIPT_SANDBOXING = YES;
				GCC_C_LANGUAGE_STANDARD = gnu17;
				GCC_NO_COMMON_BLOCKS = YES;
				GCC_WARN_64_TO_32_BIT_CONVERSION = YES;
				GCC_WARN_ABOUT_RETURN_TYPE = YES_ERROR;
				GCC_WARN_UNDECLARED_SELECTOR = YES;
				GCC_WARN_UNINITIALIZED_AUTOS = YES_AGGRESSIVE;
				GCC_WARN_UNUSED_FUNCTION = YES;
				GCC_WARN_UNUSED_VARIABLE = YES;
				IPHONEOS_DEPLOYMENT_TARGET = 17.0;
				LOCALIZATION_PREFERS_STRING_CATALOGS = YES;
				MTL_ENABLE_DEBUG_INFO = NO;
				MTL_FAST_MATH = YES;
				SDKROOT = iphoneos;
				SWIFT_COMPILATION_MODE = wholemodule;
				VALIDATE_PRODUCT = YES;
			};
			name = Release;
		};
		287EC5482C0C444600C489C9 /* Debug */ = {
			isa = XCBuildConfiguration;
			buildSettings = {
				ASSETCATALOG_COMPILER_APPICON_NAME = AppIcon;
				ASSETCATALOG_COMPILER_GLOBAL_ACCENT_COLOR_NAME = AccentColor;
				CODE_SIGN_STYLE = Automatic;
				CURRENT_PROJECT_VERSION = 1;
				GENERATE_INFOPLIST_FILE = YES;
				INFOPLIST_FILE = ImagePicker/Info.plist;
				INFOPLIST_KEY_NSPhotoLibraryUsageDescription = "This is a example app that picks and shows the picked image.";
				INFOPLIST_KEY_UIApplicationSupportsIndirectInputEvents = YES;
				INFOPLIST_KEY_UILaunchStoryboardName = LaunchScreen;
				INFOPLIST_KEY_UIMainStoryboardFile = Main;
				INFOPLIST_KEY_UISupportedInterfaceOrientations_iPad = "UIInterfaceOrientationPortrait UIInterfaceOrientationPortraitUpsideDown UIInterfaceOrientationLandscapeLeft UIInterfaceOrientationLandscapeRight";
				INFOPLIST_KEY_UISupportedInterfaceOrientations_iPhone = "UIInterfaceOrientationPortrait UIInterfaceOrientationLandscapeLeft UIInterfaceOrientationLandscapeRight";
				LD_RUNPATH_SEARCH_PATHS = (
					"$(inherited)",
					"@executable_path/Frameworks",
				);
				MARKETING_VERSION = 1.0;
				PRODUCT_BUNDLE_IDENTIFIER = com.chaitanyasoni.ImagePicker;
				PRODUCT_NAME = "$(TARGET_NAME)";
				SWIFT_EMIT_LOC_STRINGS = YES;
				SWIFT_VERSION = 5.0;
				TARGETED_DEVICE_FAMILY = "1,2";
			};
			name = Debug;
		};
		287EC5492C0C444600C489C9 /* Release */ = {
			isa = XCBuildConfiguration;
			buildSettings = {
				ASSETCATALOG_COMPILER_APPICON_NAME = AppIcon;
				ASSETCATALOG_COMPILER_GLOBAL_ACCENT_COLOR_NAME = AccentColor;
				CODE_SIGN_STYLE = Automatic;
				CURRENT_PROJECT_VERSION = 1;
				GENERATE_INFOPLIST_FILE = YES;
				INFOPLIST_FILE = ImagePicker/Info.plist;
				INFOPLIST_KEY_NSPhotoLibraryUsageDescription = "This is a example app that picks and shows the picked image.";
				INFOPLIST_KEY_UIApplicationSupportsIndirectInputEvents = YES;
				INFOPLIST_KEY_UILaunchStoryboardName = LaunchScreen;
				INFOPLIST_KEY_UIMainStoryboardFile = Main;
				INFOPLIST_KEY_UISupportedInterfaceOrientations_iPad = "UIInterfaceOrientationPortrait UIInterfaceOrientationPortraitUpsideDown UIInterfaceOrientationLandscapeLeft UIInterfaceOrientationLandscapeRight";
				INFOPLIST_KEY_UISupportedInterfaceOrientations_iPhone = "UIInterfaceOrientationPortrait UIInterfaceOrientationLandscapeLeft UIInterfaceOrientationLandscapeRight";
				LD_RUNPATH_SEARCH_PATHS = (
					"$(inherited)",
					"@executable_path/Frameworks",
				);
				MARKETING_VERSION = 1.0;
				PRODUCT_BUNDLE_IDENTIFIER = com.chaitanyasoni.ImagePicker;
				PRODUCT_NAME = "$(TARGET_NAME)";
				SWIFT_EMIT_LOC_STRINGS = YES;
				SWIFT_VERSION = 5.0;
				TARGETED_DEVICE_FAMILY = "1,2";
			};
			name = Release;
		};
		287EC54B2C0C444600C489C9 /* Debug */ = {
			isa = XCBuildConfiguration;
			buildSettings = {
				ALWAYS_EMBED_SWIFT_STANDARD_LIBRARIES = YES;
				BUNDLE_LOADER = "$(TEST_HOST)";
				CODE_SIGN_STYLE = Automatic;
				CURRENT_PROJECT_VERSION = 1;
				GENERATE_INFOPLIST_FILE = YES;
				IPHONEOS_DEPLOYMENT_TARGET = 17.0;
				MARKETING_VERSION = 1.0;
				PRODUCT_BUNDLE_IDENTIFIER = com.chaitanyasoni.ImagePickerTests;
				PRODUCT_NAME = "$(TARGET_NAME)";
				SWIFT_EMIT_LOC_STRINGS = NO;
				SWIFT_VERSION = 5.0;
				TARGETED_DEVICE_FAMILY = "1,2";
				TEST_HOST = "$(BUILT_PRODUCTS_DIR)/ImagePicker.app/$(BUNDLE_EXECUTABLE_FOLDER_PATH)/ImagePicker";
			};
			name = Debug;
		};
		287EC54C2C0C444600C489C9 /* Release */ = {
			isa = XCBuildConfiguration;
			buildSettings = {
				ALWAYS_EMBED_SWIFT_STANDARD_LIBRARIES = YES;
				BUNDLE_LOADER = "$(TEST_HOST)";
				CODE_SIGN_STYLE = Automatic;
				CURRENT_PROJECT_VERSION = 1;
				GENERATE_INFOPLIST_FILE = YES;
				IPHONEOS_DEPLOYMENT_TARGET = 17.0;
				MARKETING_VERSION = 1.0;
				PRODUCT_BUNDLE_IDENTIFIER = com.chaitanyasoni.ImagePickerTests;
				PRODUCT_NAME = "$(TARGET_NAME)";
				SWIFT_EMIT_LOC_STRINGS = NO;
				SWIFT_VERSION = 5.0;
				TARGETED_DEVICE_FAMILY = "1,2";
				TEST_HOST = "$(BUILT_PRODUCTS_DIR)/ImagePicker.app/$(BUNDLE_EXECUTABLE_FOLDER_PATH)/ImagePicker";
			};
			name = Release;
		};
		287EC54E2C0C444600C489C9 /* Debug */ = {
			isa = XCBuildConfiguration;
			buildSettings = {
				ALWAYS_EMBED_SWIFT_STANDARD_LIBRARIES = YES;
				CODE_SIGN_STYLE = Automatic;
				CURRENT_PROJECT_VERSION = 1;
				GENERATE_INFOPLIST_FILE = YES;
				MARKETING_VERSION = 1.0;
				PRODUCT_BUNDLE_IDENTIFIER = com.chaitanyasoni.ImagePickerUITests;
				PRODUCT_NAME = "$(TARGET_NAME)";
				SWIFT_EMIT_LOC_STRINGS = NO;
				SWIFT_VERSION = 5.0;
				TARGETED_DEVICE_FAMILY = "1,2";
				TEST_TARGET_NAME = ImagePicker;
			};
			name = Debug;
		};
		287EC54F2C0C444600C489C9 /* Release */ = {
			isa = XCBuildConfiguration;
			buildSettings = {
				ALWAYS_EMBED_SWIFT_STANDARD_LIBRARIES = YES;
				CODE_SIGN_STYLE = Automatic;
				CURRENT_PROJECT_VERSION = 1;
				GENERATE_INFOPLIST_FILE = YES;
				MARKETING_VERSION = 1.0;
				PRODUCT_BUNDLE_IDENTIFIER = com.chaitanyasoni.ImagePickerUITests;
				PRODUCT_NAME = "$(TARGET_NAME)";
				SWIFT_EMIT_LOC_STRINGS = NO;
				SWIFT_VERSION = 5.0;
				TARGETED_DEVICE_FAMILY = "1,2";
				TEST_TARGET_NAME = ImagePicker;
			};
			name = Release;
		};
/* End XCBuildConfiguration section */

/* Begin XCConfigurationList section */
		287EC5152C0C444300C489C9 /* Build configuration list for PBXProject "ImagePicker" */ = {
			isa = XCConfigurationList;
			buildConfigurations = (
				287EC5452C0C444600C489C9 /* Debug */,
				287EC5462C0C444600C489C9 /* Release */,
			);
			defaultConfigurationIsVisible = 0;
			defaultConfigurationName = Release;
		};
		287EC5472C0C444600C489C9 /* Build configuration list for PBXNativeTarget "ImagePicker" */ = {
			isa = XCConfigurationList;
			buildConfigurations = (
				287EC5482C0C444600C489C9 /* Debug */,
				287EC5492C0C444600C489C9 /* Release */,
			);
			defaultConfigurationIsVisible = 0;
			defaultConfigurationName = Release;
		};
		287EC54A2C0C444600C489C9 /* Build configuration list for PBXNativeTarget "ImagePickerTests" */ = {
			isa = XCConfigurationList;
			buildConfigurations = (
				287EC54B2C0C444600C489C9 /* Debug */,
				287EC54C2C0C444600C489C9 /* Release */,
			);
			defaultConfigurationIsVisible = 0;
			defaultConfigurationName = Release;
		};
		287EC54D2C0C444600C489C9 /* Build configuration list for PBXNativeTarget "ImagePickerUITests" */ = {
			isa = XCConfigurationList;
			buildConfigurations = (
				287EC54E2C0C444600C489C9 /* Debug */,
				287EC54F2C0C444600C489C9 /* Release */,
			);
			defaultConfigurationIsVisible = 0;
			defaultConfigurationName = Release;
		};
/* End XCConfigurationList section */

/* Begin XCVersionGroup section */
		287EC5262C0C444300C489C9 /* ImagePicker.xcdatamodeld */ = {
			isa = XCVersionGroup;
			children = (
				287EC5272C0C444300C489C9 /* ImagePicker.xcdatamodel */,
			);
			currentVersion = 287EC5272C0C444300C489C9 /* ImagePicker.xcdatamodel */;
			path = ImagePicker.xcdatamodeld;
			sourceTree = "<group>";
			versionGroupType = wrapper.xcdatamodel;
		};
/* End XCVersionGroup section */
	};
	rootObject = 287EC5122C0C444300C489C9 /* Project object */;
}
